// !$*UTF8*$!
{
	archiveVersion = 1;
	classes = {
	};
	objectVersion = 56;
	objects = {

/* Begin PBXBuildFile section */
		891799E92ABDDC150010DC9F /* WCSessionDelegator.swift in Sources */ = {isa = PBXBuildFile; fileRef = 891799E82ABDDC150010DC9F /* WCSessionDelegator.swift */; };
		891799EA2ABDDC150010DC9F /* WCSessionDelegator.swift in Sources */ = {isa = PBXBuildFile; fileRef = 891799E82ABDDC150010DC9F /* WCSessionDelegator.swift */; };
		891AEE9C2A534A6D005A49F5 /* Journey+Computed.swift in Sources */ = {isa = PBXBuildFile; fileRef = 891AEE9B2A534A6D005A49F5 /* Journey+Computed.swift */; };
		891DC9D62A7FD3CF00B68579 /* NearbyTrain.swift in Sources */ = {isa = PBXBuildFile; fileRef = 891DC9D52A7FD3CF00B68579 /* NearbyTrain.swift */; };
		891DC9D72A7FD3CF00B68579 /* NearbyTrain.swift in Sources */ = {isa = PBXBuildFile; fileRef = 891DC9D52A7FD3CF00B68579 /* NearbyTrain.swift */; };
		892F50D92AA377EE00427D8C /* APINetworkLogger.swift in Sources */ = {isa = PBXBuildFile; fileRef = 892F50D82AA377EE00427D8C /* APINetworkLogger.swift */; };
		892F50DA2AA377EE00427D8C /* APINetworkLogger.swift in Sources */ = {isa = PBXBuildFile; fileRef = 892F50D82AA377EE00427D8C /* APINetworkLogger.swift */; };
		893831C22ACF0D09008FA4BC /* DetectedTrain.swift in Sources */ = {isa = PBXBuildFile; fileRef = 893831C12ACF0D08008FA4BC /* DetectedTrain.swift */; };
		893AC25C2A3B42AA00D621FE /* TreinRadarApp.swift in Sources */ = {isa = PBXBuildFile; fileRef = 893AC25B2A3B42AA00D621FE /* TreinRadarApp.swift */; };
		893AC25E2A3B42AA00D621FE /* ContentView.swift in Sources */ = {isa = PBXBuildFile; fileRef = 893AC25D2A3B42AA00D621FE /* ContentView.swift */; };
		893AC2602A3B42AB00D621FE /* Assets.xcassets in Resources */ = {isa = PBXBuildFile; fileRef = 893AC25F2A3B42AB00D621FE /* Assets.xcassets */; };
		893AC2632A3B42AB00D621FE /* Preview Assets.xcassets in Resources */ = {isa = PBXBuildFile; fileRef = 893AC2622A3B42AB00D621FE /* Preview Assets.xcassets */; };
		893AC26D2A3B42E300D621FE /* API.swift in Sources */ = {isa = PBXBuildFile; fileRef = 893AC26C2A3B42E300D621FE /* API.swift */; };
		893AC2702A3B436F00D621FE /* Alamofire in Frameworks */ = {isa = PBXBuildFile; productRef = 893AC26F2A3B436F00D621FE /* Alamofire */; };
		893AC2722A3B470F00D621FE /* MapView.swift in Sources */ = {isa = PBXBuildFile; fileRef = 893AC2712A3B470F00D621FE /* MapView.swift */; };
		893AC2742A3B489300D621FE /* CurrentVehicles.swift in Sources */ = {isa = PBXBuildFile; fileRef = 893AC2732A3B489300D621FE /* CurrentVehicles.swift */; };
		893AC2772A3B493500D621FE /* APIError.swift in Sources */ = {isa = PBXBuildFile; fileRef = 893AC2762A3B493500D621FE /* APIError.swift */; };
		893AC2792A3B4A9E00D621FE /* StationsSearchView.swift in Sources */ = {isa = PBXBuildFile; fileRef = 893AC2782A3B4A9E00D621FE /* StationsSearchView.swift */; };
		893AC27B2A3B4B1100D621FE /* StationsResponse.swift in Sources */ = {isa = PBXBuildFile; fileRef = 893AC27A2A3B4B1100D621FE /* StationsResponse.swift */; };
		893AC27D2A3B505000D621FE /* DeparturesView.swift in Sources */ = {isa = PBXBuildFile; fileRef = 893AC27C2A3B504F00D621FE /* DeparturesView.swift */; };
		893AC27F2A3B507300D621FE /* DeparturesResponse.swift in Sources */ = {isa = PBXBuildFile; fileRef = 893AC27E2A3B507300D621FE /* DeparturesResponse.swift */; };
		893C4CCC2A45B29C002E3540 /* JourneyGeojson.swift in Sources */ = {isa = PBXBuildFile; fileRef = 893C4CCB2A45B29C002E3540 /* JourneyGeojson.swift */; };
		893C4CCF2A460CC8002E3540 /* LegacyJourneyMapView.swift in Sources */ = {isa = PBXBuildFile; fileRef = 893C4CCE2A460CC7002E3540 /* LegacyJourneyMapView.swift */; };
		893C4CD12A460D68002E3540 /* JourneyMapViewCoordinator.swift in Sources */ = {isa = PBXBuildFile; fileRef = 893C4CD02A460D68002E3540 /* JourneyMapViewCoordinator.swift */; };
		8946EFBC2ADBE574004D4C75 /* LookupJourney.swift in Sources */ = {isa = PBXBuildFile; fileRef = 8946EFBB2ADBE574004D4C75 /* LookupJourney.swift */; };
		89586DEA2AB729E600939839 /* ArrivalsResponse.swift in Sources */ = {isa = PBXBuildFile; fileRef = 89586DE92AB729E600939839 /* ArrivalsResponse.swift */; };
		89586DEB2AB729E600939839 /* ArrivalsResponse.swift in Sources */ = {isa = PBXBuildFile; fileRef = 89586DE92AB729E600939839 /* ArrivalsResponse.swift */; };
		895998322A570B5300847B84 /* journey.json in Resources */ = {isa = PBXBuildFile; fileRef = 895998312A570B5300847B84 /* journey.json */; };
		895998342A570B7F00847B84 /* CurrentTrainView.swift in Sources */ = {isa = PBXBuildFile; fileRef = 895998332A570B7F00847B84 /* CurrentTrainView.swift */; };
		895998372A570F7A00847B84 /* String+Capitalization.swift in Sources */ = {isa = PBXBuildFile; fileRef = 895998362A570F7A00847B84 /* String+Capitalization.swift */; };
		895A30FF2A44219500E305D8 /* JourneyViewModel.swift in Sources */ = {isa = PBXBuildFile; fileRef = 895A30FE2A44219500E305D8 /* JourneyViewModel.swift */; };
		895A31022A4421FC00E305D8 /* Date+Formatter.swift in Sources */ = {isa = PBXBuildFile; fileRef = 895A31012A4421FC00E305D8 /* Date+Formatter.swift */; };
		895BF5A72ACC473B0015F3A3 /* StationType+Localized.swift in Sources */ = {isa = PBXBuildFile; fileRef = 895BF5A62ACC473B0015F3A3 /* StationType+Localized.swift */; };
		895BF5A82ACC473B0015F3A3 /* StationType+Localized.swift in Sources */ = {isa = PBXBuildFile; fileRef = 895BF5A62ACC473B0015F3A3 /* StationType+Localized.swift */; };
		896454722ABF4C2E00D4A32D /* Localizable.xcstrings in Resources */ = {isa = PBXBuildFile; fileRef = 896454712ABF4C2E00D4A32D /* Localizable.xcstrings */; };
		896454732ABF4C3200D4A32D /* Localizable.xcstrings in Resources */ = {isa = PBXBuildFile; fileRef = 896454712ABF4C2E00D4A32D /* Localizable.xcstrings */; };
		896AF0F32A55A582001936AD /* Stop+Computed.swift in Sources */ = {isa = PBXBuildFile; fileRef = 896AF0F22A55A582001936AD /* Stop+Computed.swift */; };
		896EB28F2A76D76D0084980A /* SavedItemsView.swift in Sources */ = {isa = PBXBuildFile; fileRef = 896EB28E2A76D76D0084980A /* SavedItemsView.swift */; };
		896F6A932A49664F00A3CA5B /* TravelInfoViewModel.swift in Sources */ = {isa = PBXBuildFile; fileRef = 896F6A922A49664F00A3CA5B /* TravelInfoViewModel.swift */; };
		8973B7E32A921CDC00BBDC9A /* saved-journeys.json in Resources */ = {isa = PBXBuildFile; fileRef = 89FA153B2A782D8F00489E5B /* saved-journeys.json */; };
		8973B7E42A921CDC00BBDC9A /* departures.json in Resources */ = {isa = PBXBuildFile; fileRef = 89A48ECA2A557533006F7A4E /* departures.json */; };
		898DC9AA2AA37F36006C9715 /* TrainAnnotations.swift in Sources */ = {isa = PBXBuildFile; fileRef = 898DC9A92AA37F36006C9715 /* TrainAnnotations.swift */; };
		898DC9AD2AA38990006C9715 /* TrainTrack.swift in Sources */ = {isa = PBXBuildFile; fileRef = 898DC9AC2AA38990006C9715 /* TrainTrack.swift */; };
		898F78092AC057FB00BA6F6E /* JourneyMapView.swift in Sources */ = {isa = PBXBuildFile; fileRef = 898F78082AC057FB00BA6F6E /* JourneyMapView.swift */; };
		898F780B2AC059F900BA6F6E /* stops-geometry.json in Resources */ = {isa = PBXBuildFile; fileRef = 898F780A2AC059F800BA6F6E /* stops-geometry.json */; };
		8992D0722AB102CA0071F351 /* StationView.swift in Sources */ = {isa = PBXBuildFile; fileRef = 8992D0712AB102CA0071F351 /* StationView.swift */; };
		8993A1532ACDAD02002AC4A0 /* Facility+Symbol.swift in Sources */ = {isa = PBXBuildFile; fileRef = 8993A1522ACDAD02002AC4A0 /* Facility+Symbol.swift */; };
		8993A1552ACDB008002AC4A0 /* Array+Duplicates.swift in Sources */ = {isa = PBXBuildFile; fileRef = 8993A1542ACDB008002AC4A0 /* Array+Duplicates.swift */; };
		89A34A112AB75E460004591D /* LoadingView.swift in Sources */ = {isa = PBXBuildFile; fileRef = 89A34A102AB75E460004591D /* LoadingView.swift */; };
		89A48EC62A5573A0006F7A4E /* MessageStyle+String.swift in Sources */ = {isa = PBXBuildFile; fileRef = 89A48EC52A5573A0006F7A4E /* MessageStyle+String.swift */; };
		89A48EC82A557497006F7A4E /* DepartureItemView.swift in Sources */ = {isa = PBXBuildFile; fileRef = 89A48EC72A557497006F7A4E /* DepartureItemView.swift */; };
		89A48ECB2A557533006F7A4E /* departures.json in Resources */ = {isa = PBXBuildFile; fileRef = 89A48ECA2A557533006F7A4E /* departures.json */; };
		89A48ECD2A557562006F7A4E /* MockData.swift in Sources */ = {isa = PBXBuildFile; fileRef = 89A48ECC2A557562006F7A4E /* MockData.swift */; };
		89A8A7C72A7FCBC80085D127 /* Formatters.swift in Sources */ = {isa = PBXBuildFile; fileRef = 89A8A7C62A7FCBC80085D127 /* Formatters.swift */; };
		89A8A7C82A7FCBC80085D127 /* Formatters.swift in Sources */ = {isa = PBXBuildFile; fileRef = 89A8A7C62A7FCBC80085D127 /* Formatters.swift */; };
		89A8A7CB2A7FCBE60085D127 /* Alamofire in Frameworks */ = {isa = PBXBuildFile; productRef = 89A8A7CA2A7FCBE60085D127 /* Alamofire */; };
		89A8A7CD2A7FCBE60085D127 /* Defaults in Frameworks */ = {isa = PBXBuildFile; productRef = 89A8A7CC2A7FCBE60085D127 /* Defaults */; };
		89A8A7D02A7FCE210085D127 /* AsyncLocationKit in Frameworks */ = {isa = PBXBuildFile; productRef = 89A8A7CF2A7FCE210085D127 /* AsyncLocationKit */; };
		89A8A7D22A7FCE2E0085D127 /* AsyncLocationKit in Frameworks */ = {isa = PBXBuildFile; productRef = 89A8A7D12A7FCE2E0085D127 /* AsyncLocationKit */; };
		89ACF2F12A470F4A00A4AC57 /* Stops+Geojson.swift in Sources */ = {isa = PBXBuildFile; fileRef = 89ACF2F02A470F4A00A4AC57 /* Stops+Geojson.swift */; };
		89ACF2F32A4714FA00A4AC57 /* StationAnnotation.swift in Sources */ = {isa = PBXBuildFile; fileRef = 89ACF2F22A4714FA00A4AC57 /* StationAnnotation.swift */; };
		89ACF2F52A47161700A4AC57 /* TrainManager.swift in Sources */ = {isa = PBXBuildFile; fileRef = 89ACF2F42A47161700A4AC57 /* TrainManager.swift */; };
		89ACF2F72A47172400A4AC57 /* StationsManager.swift in Sources */ = {isa = PBXBuildFile; fileRef = 89ACF2F62A47172400A4AC57 /* StationsManager.swift */; };
		89ACF2F92A471CB500A4AC57 /* LocationManager.swift in Sources */ = {isa = PBXBuildFile; fileRef = 89ACF2F82A471CB500A4AC57 /* LocationManager.swift */; };
		89ACF2FE2A48608600A4AC57 /* Location+Equatable.swift in Sources */ = {isa = PBXBuildFile; fileRef = 89ACF2FD2A48608600A4AC57 /* Location+Equatable.swift */; };
		89B0E81B2ABF299400FE6E0B /* WatchConnectManager.swift in Sources */ = {isa = PBXBuildFile; fileRef = 89B0E81A2ABF299400FE6E0B /* WatchConnectManager.swift */; };
		89B0E81C2ABF2B5B00FE6E0B /* WatchConnectManager.swift in Sources */ = {isa = PBXBuildFile; fileRef = 89B0E81A2ABF299400FE6E0B /* WatchConnectManager.swift */; };
		89B0E81F2ABF304900FE6E0B /* RushIcon.swift in Sources */ = {isa = PBXBuildFile; fileRef = 89B0E81E2ABF304900FE6E0B /* RushIcon.swift */; };
		89B8FCD22A801668001A84E3 /* LookupTrainView.swift in Sources */ = {isa = PBXBuildFile; fileRef = 89B8FCD12A801668001A84E3 /* LookupTrainView.swift */; };
		89BAA7A12A76D8D300CDA640 /* SavedJourney.swift in Sources */ = {isa = PBXBuildFile; fileRef = 89BAA7A02A76D8D300CDA640 /* SavedJourney.swift */; };
		89BE5F832A55B0A000E395CC /* StationWithDistance.swift in Sources */ = {isa = PBXBuildFile; fileRef = 89BE5F822A55B0A000E395CC /* StationWithDistance.swift */; };
		89C3DFBB2A893122007732FC /* LiveTrain.swift in Sources */ = {isa = PBXBuildFile; fileRef = 89C3DFBA2A893122007732FC /* LiveTrain.swift */; };
		89C3DFBC2A893122007732FC /* LiveTrain.swift in Sources */ = {isa = PBXBuildFile; fileRef = 89C3DFBA2A893122007732FC /* LiveTrain.swift */; };
		89C3DFBF2A893526007732FC /* SwiftUI Apple Watch Decimal Pad in Frameworks */ = {isa = PBXBuildFile; productRef = 89C3DFBE2A893526007732FC /* SwiftUI Apple Watch Decimal Pad */; };
		89C3DFC12A8935BD007732FC /* JourneyView.swift in Sources */ = {isa = PBXBuildFile; fileRef = 89C3DFC02A8935BD007732FC /* JourneyView.swift */; };
		89C3DFC32A8936A9007732FC /* JourneyViewModel.swift in Sources */ = {isa = PBXBuildFile; fileRef = 89C3DFC22A8936A8007732FC /* JourneyViewModel.swift */; };
		89C3DFC52A895F8E007732FC /* NearbyTrainItem.swift in Sources */ = {isa = PBXBuildFile; fileRef = 89C3DFC42A895F8E007732FC /* NearbyTrainItem.swift */; };
		89C3DFC72A895FB5007732FC /* nearby-train.json in Resources */ = {isa = PBXBuildFile; fileRef = 89C3DFC62A895FB5007732FC /* nearby-train.json */; };
		89C3DFC92A896021007732FC /* MockData.swift in Sources */ = {isa = PBXBuildFile; fileRef = 89A48ECC2A557562006F7A4E /* MockData.swift */; };
		89C3DFCA2A896180007732FC /* nearby-train.json in Resources */ = {isa = PBXBuildFile; fileRef = 89C3DFC62A895FB5007732FC /* nearby-train.json */; };
		89C3DFCC2A896816007732FC /* JourneyStopItem.swift in Sources */ = {isa = PBXBuildFile; fileRef = 89C3DFCB2A896816007732FC /* JourneyStopItem.swift */; };
		89C3DFCD2A896A35007732FC /* journey.json in Resources */ = {isa = PBXBuildFile; fileRef = 895998312A570B5300847B84 /* journey.json */; };
		89C783AB2ABC928D001EBB70 /* FavouriteStationsView.swift in Sources */ = {isa = PBXBuildFile; fileRef = 89C783AA2ABC928D001EBB70 /* FavouriteStationsView.swift */; };
		89C783AD2ABC93CD001EBB70 /* NearbyStationsView.swift in Sources */ = {isa = PBXBuildFile; fileRef = 89C783AC2ABC93CD001EBB70 /* NearbyStationsView.swift */; };
		89C783B02ABCC48D001EBB70 /* StationsView.swift in Sources */ = {isa = PBXBuildFile; fileRef = 89C783AF2ABCC48D001EBB70 /* StationsView.swift */; };
		89CEFD8A2A3CF68300383555 /* Journey.swift in Sources */ = {isa = PBXBuildFile; fileRef = 89CEFD892A3CF68300383555 /* Journey.swift */; };
		89CEFD8D2A3CF95600383555 /* DeparturesViewModel.swift in Sources */ = {isa = PBXBuildFile; fileRef = 89CEFD8C2A3CF95600383555 /* DeparturesViewModel.swift */; };
		89CEFD902A3CFEBE00383555 /* FavouritesController.swift in Sources */ = {isa = PBXBuildFile; fileRef = 89CEFD8F2A3CFEBE00383555 /* FavouritesController.swift */; };
		89CEFD932A3CFF4000383555 /* Defaults in Frameworks */ = {isa = PBXBuildFile; productRef = 89CEFD922A3CFF4000383555 /* Defaults */; };
		89CEFD952A3CFF5100383555 /* SavedStation.swift in Sources */ = {isa = PBXBuildFile; fileRef = 89CEFD942A3CFF5100383555 /* SavedStation.swift */; };
		89CEFD972A3D004B00383555 /* Defaults.swift in Sources */ = {isa = PBXBuildFile; fileRef = 89CEFD962A3D004B00383555 /* Defaults.swift */; };
		89CEFD992A3D02B100383555 /* Station.swift in Sources */ = {isa = PBXBuildFile; fileRef = 89CEFD982A3D02B100383555 /* Station.swift */; };
		89CEFD9C2A3D062900383555 /* JourneyView.swift in Sources */ = {isa = PBXBuildFile; fileRef = 89CEFD9B2A3D062900383555 /* JourneyView.swift */; };
		89CEFD9E2A3D065000383555 /* JourneyResponse.swift in Sources */ = {isa = PBXBuildFile; fileRef = 89CEFD9D2A3D064F00383555 /* JourneyResponse.swift */; };
		89CEFDA02A3D07ED00383555 /* Shared.swift in Sources */ = {isa = PBXBuildFile; fileRef = 89CEFD9F2A3D07ED00383555 /* Shared.swift */; };
		89CEFDA22A3D0BBB00383555 /* TravelInfoView.swift in Sources */ = {isa = PBXBuildFile; fileRef = 89CEFDA12A3D0BBB00383555 /* TravelInfoView.swift */; };
		89CFC65A2AC1CFF800C565C2 /* DeparturesView.swift in Sources */ = {isa = PBXBuildFile; fileRef = 89CFC6592AC1CFF800C565C2 /* DeparturesView.swift */; };
		89D6948B2A7FCB6400579D30 /* NearbyTrainsView.swift in Sources */ = {isa = PBXBuildFile; fileRef = 89D6948A2A7FCB6400579D30 /* NearbyTrainsView.swift */; };
		89DD612E2AB2437600722EF4 /* station.json in Resources */ = {isa = PBXBuildFile; fileRef = 89DD612D2AB2437600722EF4 /* station.json */; };
		89DD612F2AB2437600722EF4 /* station.json in Resources */ = {isa = PBXBuildFile; fileRef = 89DD612D2AB2437600722EF4 /* station.json */; };
		89DD61312AB2489D00722EF4 /* StationViewModel.swift in Sources */ = {isa = PBXBuildFile; fileRef = 89DD61302AB2489D00722EF4 /* StationViewModel.swift */; };
		89DD61332AB24FBE00722EF4 /* PlatformIcon.swift in Sources */ = {isa = PBXBuildFile; fileRef = 89DD61322AB24FBE00722EF4 /* PlatformIcon.swift */; };
		89DD61352AB2560D00722EF4 /* StationHeaderImage.swift in Sources */ = {isa = PBXBuildFile; fileRef = 89DD61342AB2560D00722EF4 /* StationHeaderImage.swift */; };
		89DD61372AB3263E00722EF4 /* NoteType+Localized.swift in Sources */ = {isa = PBXBuildFile; fileRef = 89DD61362AB3263E00722EF4 /* NoteType+Localized.swift */; };
		89E095542A7FCE90006A2407 /* NearbyTrainsViewModel.swift in Sources */ = {isa = PBXBuildFile; fileRef = 89E095532A7FCE90006A2407 /* NearbyTrainsViewModel.swift */; };
		89E24B712AC6DFB1006FC316 /* InfoPlist.xcstrings in Resources */ = {isa = PBXBuildFile; fileRef = 89E24B702AC6DFB1006FC316 /* InfoPlist.xcstrings */; };
		89E24B722AC6DFB1006FC316 /* InfoPlist.xcstrings in Resources */ = {isa = PBXBuildFile; fileRef = 89E24B702AC6DFB1006FC316 /* InfoPlist.xcstrings */; };
		89E42B8D2A7301010093CEC5 /* StationAnnotations.swift in Sources */ = {isa = PBXBuildFile; fileRef = 89E42B8C2A7301010093CEC5 /* StationAnnotations.swift */; };
		89EDD6F82A7FBDBE0035C238 /* TreinRadar_watchOSApp.swift in Sources */ = {isa = PBXBuildFile; fileRef = 89EDD6F72A7FBDBE0035C238 /* TreinRadar_watchOSApp.swift */; };
		89EDD6FA2A7FBDBE0035C238 /* ContentView.swift in Sources */ = {isa = PBXBuildFile; fileRef = 89EDD6F92A7FBDBE0035C238 /* ContentView.swift */; };
		89EDD6FC2A7FBDC20035C238 /* Assets.xcassets in Resources */ = {isa = PBXBuildFile; fileRef = 89EDD6FB2A7FBDC20035C238 /* Assets.xcassets */; };
		89EDD6FF2A7FBDC20035C238 /* Preview Assets.xcassets in Resources */ = {isa = PBXBuildFile; fileRef = 89EDD6FE2A7FBDC20035C238 /* Preview Assets.xcassets */; };
		89EDD7022A7FBDC20035C238 /* TreinRadar.app in Embed Watch Content */ = {isa = PBXBuildFile; fileRef = 89EDD6F52A7FBDBE0035C238 /* TreinRadar.app */; settings = {ATTRIBUTES = (RemoveHeadersOnCopy, ); }; };
		89EDD7082A7FCAD20035C238 /* APIError.swift in Sources */ = {isa = PBXBuildFile; fileRef = 893AC2762A3B493500D621FE /* APIError.swift */; };
		89EDD7092A7FCAD20035C238 /* Defaults.swift in Sources */ = {isa = PBXBuildFile; fileRef = 89CEFD962A3D004B00383555 /* Defaults.swift */; };
		89EDD70A2A7FCAD20035C238 /* API.swift in Sources */ = {isa = PBXBuildFile; fileRef = 893AC26C2A3B42E300D621FE /* API.swift */; };
		89EDD70B2A7FCAE60035C238 /* MessageStyle+String.swift in Sources */ = {isa = PBXBuildFile; fileRef = 89A48EC52A5573A0006F7A4E /* MessageStyle+String.swift */; };
		89EDD70C2A7FCAE60035C238 /* String+Capitalization.swift in Sources */ = {isa = PBXBuildFile; fileRef = 895998362A570F7A00847B84 /* String+Capitalization.swift */; };
		89EDD70D2A7FCAE60035C238 /* Location+Equatable.swift in Sources */ = {isa = PBXBuildFile; fileRef = 89ACF2FD2A48608600A4AC57 /* Location+Equatable.swift */; };
		89EDD70E2A7FCAE60035C238 /* Stop+Computed.swift in Sources */ = {isa = PBXBuildFile; fileRef = 896AF0F22A55A582001936AD /* Stop+Computed.swift */; };
		89EDD70F2A7FCAE60035C238 /* Date+Formatter.swift in Sources */ = {isa = PBXBuildFile; fileRef = 895A31012A4421FC00E305D8 /* Date+Formatter.swift */; };
		89EDD7102A7FCAE60035C238 /* Journey+Computed.swift in Sources */ = {isa = PBXBuildFile; fileRef = 891AEE9B2A534A6D005A49F5 /* Journey+Computed.swift */; };
		89EDD7112A7FCAF40035C238 /* DeparturesResponse.swift in Sources */ = {isa = PBXBuildFile; fileRef = 893AC27E2A3B507300D621FE /* DeparturesResponse.swift */; };
		89EDD7122A7FCAF40035C238 /* StationAnnotation.swift in Sources */ = {isa = PBXBuildFile; fileRef = 89ACF2F22A4714FA00A4AC57 /* StationAnnotation.swift */; };
		89EDD7132A7FCAF40035C238 /* Shared.swift in Sources */ = {isa = PBXBuildFile; fileRef = 89CEFD9F2A3D07ED00383555 /* Shared.swift */; };
		89EDD7142A7FCAF40035C238 /* JourneyGeojson.swift in Sources */ = {isa = PBXBuildFile; fileRef = 893C4CCB2A45B29C002E3540 /* JourneyGeojson.swift */; };
		89EDD7152A7FCAF40035C238 /* SavedStation.swift in Sources */ = {isa = PBXBuildFile; fileRef = 89CEFD942A3CFF5100383555 /* SavedStation.swift */; };
		89EDD7162A7FCAF40035C238 /* JourneyResponse.swift in Sources */ = {isa = PBXBuildFile; fileRef = 89CEFD9D2A3D064F00383555 /* JourneyResponse.swift */; };
		89EDD7172A7FCAF40035C238 /* Journey.swift in Sources */ = {isa = PBXBuildFile; fileRef = 89CEFD892A3CF68300383555 /* Journey.swift */; };
		89EDD7182A7FCAF40035C238 /* StationWithDistance.swift in Sources */ = {isa = PBXBuildFile; fileRef = 89BE5F822A55B0A000E395CC /* StationWithDistance.swift */; };
		89EDD7192A7FCAF40035C238 /* StationsResponse.swift in Sources */ = {isa = PBXBuildFile; fileRef = 893AC27A2A3B4B1100D621FE /* StationsResponse.swift */; };
		89EDD71A2A7FCAF40035C238 /* CurrentVehicles.swift in Sources */ = {isa = PBXBuildFile; fileRef = 893AC2732A3B489300D621FE /* CurrentVehicles.swift */; };
		89EDD71B2A7FCAF40035C238 /* Station.swift in Sources */ = {isa = PBXBuildFile; fileRef = 89CEFD982A3D02B100383555 /* Station.swift */; };
		89EDD71C2A7FCAF40035C238 /* Stops+Geojson.swift in Sources */ = {isa = PBXBuildFile; fileRef = 89ACF2F02A470F4A00A4AC57 /* Stops+Geojson.swift */; };
		89EDD71D2A7FCAF40035C238 /* SavedJourney.swift in Sources */ = {isa = PBXBuildFile; fileRef = 89BAA7A02A76D8D300CDA640 /* SavedJourney.swift */; };
		89FA153C2A782D8F00489E5B /* saved-journeys.json in Resources */ = {isa = PBXBuildFile; fileRef = 89FA153B2A782D8F00489E5B /* saved-journeys.json */; };
/* End PBXBuildFile section */

/* Begin PBXContainerItemProxy section */
		89EDD7002A7FBDC20035C238 /* PBXContainerItemProxy */ = {
			isa = PBXContainerItemProxy;
			containerPortal = 893AC2502A3B42AA00D621FE /* Project object */;
			proxyType = 1;
			remoteGlobalIDString = 89EDD6F42A7FBDBE0035C238;
			remoteInfo = "TreinRadar-watchOS Watch App";
		};
/* End PBXContainerItemProxy section */

/* Begin PBXCopyFilesBuildPhase section */
		89EDD7062A7FBDC20035C238 /* Embed Watch Content */ = {
			isa = PBXCopyFilesBuildPhase;
			buildActionMask = 2147483647;
			dstPath = "$(CONTENTS_FOLDER_PATH)/Watch";
			dstSubfolderSpec = 16;
			files = (
				89EDD7022A7FBDC20035C238 /* TreinRadar.app in Embed Watch Content */,
			);
			name = "Embed Watch Content";
			runOnlyForDeploymentPostprocessing = 0;
		};
/* End PBXCopyFilesBuildPhase section */

/* Begin PBXFileReference section */
		891799E82ABDDC150010DC9F /* WCSessionDelegator.swift */ = {isa = PBXFileReference; lastKnownFileType = sourcecode.swift; path = WCSessionDelegator.swift; sourceTree = "<group>"; };
		891AEE9B2A534A6D005A49F5 /* Journey+Computed.swift */ = {isa = PBXFileReference; lastKnownFileType = sourcecode.swift; path = "Journey+Computed.swift"; sourceTree = "<group>"; };
		891DC9D52A7FD3CF00B68579 /* NearbyTrain.swift */ = {isa = PBXFileReference; fileEncoding = 4; lastKnownFileType = sourcecode.swift; path = NearbyTrain.swift; sourceTree = "<group>"; };
		892F50D82AA377EE00427D8C /* APINetworkLogger.swift */ = {isa = PBXFileReference; lastKnownFileType = sourcecode.swift; path = APINetworkLogger.swift; sourceTree = "<group>"; };
		893831C12ACF0D08008FA4BC /* DetectedTrain.swift */ = {isa = PBXFileReference; lastKnownFileType = sourcecode.swift; path = DetectedTrain.swift; sourceTree = "<group>"; };
		893AC2582A3B42AA00D621FE /* TreinRadar-iOS.app */ = {isa = PBXFileReference; explicitFileType = wrapper.application; includeInIndex = 0; path = "TreinRadar-iOS.app"; sourceTree = BUILT_PRODUCTS_DIR; };
		893AC25B2A3B42AA00D621FE /* TreinRadarApp.swift */ = {isa = PBXFileReference; lastKnownFileType = sourcecode.swift; path = TreinRadarApp.swift; sourceTree = "<group>"; };
		893AC25D2A3B42AA00D621FE /* ContentView.swift */ = {isa = PBXFileReference; lastKnownFileType = sourcecode.swift; path = ContentView.swift; sourceTree = "<group>"; };
		893AC25F2A3B42AB00D621FE /* Assets.xcassets */ = {isa = PBXFileReference; lastKnownFileType = folder.assetcatalog; path = Assets.xcassets; sourceTree = "<group>"; };
		893AC2622A3B42AB00D621FE /* Preview Assets.xcassets */ = {isa = PBXFileReference; lastKnownFileType = folder.assetcatalog; path = "Preview Assets.xcassets"; sourceTree = "<group>"; };
		893AC26C2A3B42E300D621FE /* API.swift */ = {isa = PBXFileReference; lastKnownFileType = sourcecode.swift; path = API.swift; sourceTree = "<group>"; };
		893AC2712A3B470F00D621FE /* MapView.swift */ = {isa = PBXFileReference; lastKnownFileType = sourcecode.swift; path = MapView.swift; sourceTree = "<group>"; };
		893AC2732A3B489300D621FE /* CurrentVehicles.swift */ = {isa = PBXFileReference; lastKnownFileType = sourcecode.swift; path = CurrentVehicles.swift; sourceTree = "<group>"; };
		893AC2762A3B493500D621FE /* APIError.swift */ = {isa = PBXFileReference; lastKnownFileType = sourcecode.swift; path = APIError.swift; sourceTree = "<group>"; };
		893AC2782A3B4A9E00D621FE /* StationsSearchView.swift */ = {isa = PBXFileReference; lastKnownFileType = sourcecode.swift; path = StationsSearchView.swift; sourceTree = "<group>"; };
		893AC27A2A3B4B1100D621FE /* StationsResponse.swift */ = {isa = PBXFileReference; lastKnownFileType = sourcecode.swift; path = StationsResponse.swift; sourceTree = "<group>"; };
		893AC27C2A3B504F00D621FE /* DeparturesView.swift */ = {isa = PBXFileReference; lastKnownFileType = sourcecode.swift; path = DeparturesView.swift; sourceTree = "<group>"; };
		893AC27E2A3B507300D621FE /* DeparturesResponse.swift */ = {isa = PBXFileReference; lastKnownFileType = sourcecode.swift; path = DeparturesResponse.swift; sourceTree = "<group>"; };
		893C4CCB2A45B29C002E3540 /* JourneyGeojson.swift */ = {isa = PBXFileReference; lastKnownFileType = sourcecode.swift; path = JourneyGeojson.swift; sourceTree = "<group>"; };
		893C4CCE2A460CC7002E3540 /* LegacyJourneyMapView.swift */ = {isa = PBXFileReference; lastKnownFileType = sourcecode.swift; path = LegacyJourneyMapView.swift; sourceTree = "<group>"; };
		893C4CD02A460D68002E3540 /* JourneyMapViewCoordinator.swift */ = {isa = PBXFileReference; lastKnownFileType = sourcecode.swift; path = JourneyMapViewCoordinator.swift; sourceTree = "<group>"; };
		8946EFBB2ADBE574004D4C75 /* LookupJourney.swift */ = {isa = PBXFileReference; lastKnownFileType = sourcecode.swift; path = LookupJourney.swift; sourceTree = "<group>"; };
		89586DE92AB729E600939839 /* ArrivalsResponse.swift */ = {isa = PBXFileReference; lastKnownFileType = sourcecode.swift; path = ArrivalsResponse.swift; sourceTree = "<group>"; };
		895998312A570B5300847B84 /* journey.json */ = {isa = PBXFileReference; lastKnownFileType = text.json; path = journey.json; sourceTree = "<group>"; };
		895998332A570B7F00847B84 /* CurrentTrainView.swift */ = {isa = PBXFileReference; lastKnownFileType = sourcecode.swift; path = CurrentTrainView.swift; sourceTree = "<group>"; };
		895998362A570F7A00847B84 /* String+Capitalization.swift */ = {isa = PBXFileReference; lastKnownFileType = sourcecode.swift; path = "String+Capitalization.swift"; sourceTree = "<group>"; };
		895A30FE2A44219500E305D8 /* JourneyViewModel.swift */ = {isa = PBXFileReference; lastKnownFileType = sourcecode.swift; path = JourneyViewModel.swift; sourceTree = "<group>"; };
		895A31012A4421FC00E305D8 /* Date+Formatter.swift */ = {isa = PBXFileReference; lastKnownFileType = sourcecode.swift; path = "Date+Formatter.swift"; sourceTree = "<group>"; };
		895BF5A62ACC473B0015F3A3 /* StationType+Localized.swift */ = {isa = PBXFileReference; lastKnownFileType = sourcecode.swift; path = "StationType+Localized.swift"; sourceTree = "<group>"; };
		896454712ABF4C2E00D4A32D /* Localizable.xcstrings */ = {isa = PBXFileReference; lastKnownFileType = text.json.xcstrings; path = Localizable.xcstrings; sourceTree = "<group>"; };
		896AF0F22A55A582001936AD /* Stop+Computed.swift */ = {isa = PBXFileReference; lastKnownFileType = sourcecode.swift; path = "Stop+Computed.swift"; sourceTree = "<group>"; };
		896EB28E2A76D76D0084980A /* SavedItemsView.swift */ = {isa = PBXFileReference; fileEncoding = 4; lastKnownFileType = sourcecode.swift; path = SavedItemsView.swift; sourceTree = "<group>"; };
		896F6A922A49664F00A3CA5B /* TravelInfoViewModel.swift */ = {isa = PBXFileReference; lastKnownFileType = sourcecode.swift; path = TravelInfoViewModel.swift; sourceTree = "<group>"; };
		897BC7DA2AC46DD800B35F67 /* 1 - Home.PNG */ = {isa = PBXFileReference; lastKnownFileType = image.png; path = "1 - Home.PNG"; sourceTree = "<group>"; };
		897BC7DB2AC46DD800B35F67 /* 3 - Map - Trains.PNG */ = {isa = PBXFileReference; lastKnownFileType = image.png; path = "3 - Map - Trains.PNG"; sourceTree = "<group>"; };
		897BC7DC2AC46DD800B35F67 /* 5 - Journey.PNG */ = {isa = PBXFileReference; lastKnownFileType = image.png; path = "5 - Journey.PNG"; sourceTree = "<group>"; };
		897BC7DD2AC46DD800B35F67 /* 4 - Station.PNG */ = {isa = PBXFileReference; lastKnownFileType = image.png; path = "4 - Station.PNG"; sourceTree = "<group>"; };
		897BC7DE2AC46DD800B35F67 /* 2 - Map - Stations.PNG */ = {isa = PBXFileReference; lastKnownFileType = image.png; path = "2 - Map - Stations.PNG"; sourceTree = "<group>"; };
		897BC7E32AC46DD800B35F67 /* AppIcon.afdesign */ = {isa = PBXFileReference; lastKnownFileType = file; path = AppIcon.afdesign; sourceTree = "<group>"; };
		897BC7E42AC46DF000B35F67 /* README.md */ = {isa = PBXFileReference; lastKnownFileType = net.daringfireball.markdown; path = README.md; sourceTree = "<group>"; };
		898DC9A92AA37F36006C9715 /* TrainAnnotations.swift */ = {isa = PBXFileReference; lastKnownFileType = sourcecode.swift; path = TrainAnnotations.swift; sourceTree = "<group>"; };
		898DC9AC2AA38990006C9715 /* TrainTrack.swift */ = {isa = PBXFileReference; lastKnownFileType = sourcecode.swift; path = TrainTrack.swift; sourceTree = "<group>"; };
		898F78082AC057FB00BA6F6E /* JourneyMapView.swift */ = {isa = PBXFileReference; lastKnownFileType = sourcecode.swift; path = JourneyMapView.swift; sourceTree = "<group>"; };
		898F780A2AC059F800BA6F6E /* stops-geometry.json */ = {isa = PBXFileReference; lastKnownFileType = text.json; path = "stops-geometry.json"; sourceTree = "<group>"; };
		8992D0712AB102CA0071F351 /* StationView.swift */ = {isa = PBXFileReference; lastKnownFileType = sourcecode.swift; path = StationView.swift; sourceTree = "<group>"; };
		8993A1522ACDAD02002AC4A0 /* Facility+Symbol.swift */ = {isa = PBXFileReference; lastKnownFileType = sourcecode.swift; path = "Facility+Symbol.swift"; sourceTree = "<group>"; };
		8993A1542ACDB008002AC4A0 /* Array+Duplicates.swift */ = {isa = PBXFileReference; lastKnownFileType = sourcecode.swift; path = "Array+Duplicates.swift"; sourceTree = "<group>"; };
		89A34A102AB75E460004591D /* LoadingView.swift */ = {isa = PBXFileReference; lastKnownFileType = sourcecode.swift; path = LoadingView.swift; sourceTree = "<group>"; };
		89A48EC52A5573A0006F7A4E /* MessageStyle+String.swift */ = {isa = PBXFileReference; lastKnownFileType = sourcecode.swift; path = "MessageStyle+String.swift"; sourceTree = "<group>"; };
		89A48EC72A557497006F7A4E /* DepartureItemView.swift */ = {isa = PBXFileReference; lastKnownFileType = sourcecode.swift; path = DepartureItemView.swift; sourceTree = "<group>"; };
		89A48ECA2A557533006F7A4E /* departures.json */ = {isa = PBXFileReference; lastKnownFileType = text.json; path = departures.json; sourceTree = "<group>"; };
		89A48ECC2A557562006F7A4E /* MockData.swift */ = {isa = PBXFileReference; lastKnownFileType = sourcecode.swift; path = MockData.swift; sourceTree = "<group>"; };
		89A8A7C62A7FCBC80085D127 /* Formatters.swift */ = {isa = PBXFileReference; fileEncoding = 4; lastKnownFileType = sourcecode.swift; path = Formatters.swift; sourceTree = "<group>"; };
		89ACF2F02A470F4A00A4AC57 /* Stops+Geojson.swift */ = {isa = PBXFileReference; lastKnownFileType = sourcecode.swift; path = "Stops+Geojson.swift"; sourceTree = "<group>"; };
		89ACF2F22A4714FA00A4AC57 /* StationAnnotation.swift */ = {isa = PBXFileReference; lastKnownFileType = sourcecode.swift; path = StationAnnotation.swift; sourceTree = "<group>"; };
		89ACF2F42A47161700A4AC57 /* TrainManager.swift */ = {isa = PBXFileReference; lastKnownFileType = sourcecode.swift; path = TrainManager.swift; sourceTree = "<group>"; };
		89ACF2F62A47172400A4AC57 /* StationsManager.swift */ = {isa = PBXFileReference; lastKnownFileType = sourcecode.swift; path = StationsManager.swift; sourceTree = "<group>"; };
		89ACF2F82A471CB500A4AC57 /* LocationManager.swift */ = {isa = PBXFileReference; lastKnownFileType = sourcecode.swift; path = LocationManager.swift; sourceTree = "<group>"; };
		89ACF2FD2A48608600A4AC57 /* Location+Equatable.swift */ = {isa = PBXFileReference; lastKnownFileType = sourcecode.swift; path = "Location+Equatable.swift"; sourceTree = "<group>"; };
		89B0E81A2ABF299400FE6E0B /* WatchConnectManager.swift */ = {isa = PBXFileReference; lastKnownFileType = sourcecode.swift; path = WatchConnectManager.swift; sourceTree = "<group>"; };
		89B0E81E2ABF304900FE6E0B /* RushIcon.swift */ = {isa = PBXFileReference; lastKnownFileType = sourcecode.swift; path = RushIcon.swift; sourceTree = "<group>"; };
		89B8FCD12A801668001A84E3 /* LookupTrainView.swift */ = {isa = PBXFileReference; fileEncoding = 4; lastKnownFileType = sourcecode.swift; path = LookupTrainView.swift; sourceTree = "<group>"; };
		89BAA7A02A76D8D300CDA640 /* SavedJourney.swift */ = {isa = PBXFileReference; fileEncoding = 4; lastKnownFileType = sourcecode.swift; path = SavedJourney.swift; sourceTree = "<group>"; };
		89BE5F822A55B0A000E395CC /* StationWithDistance.swift */ = {isa = PBXFileReference; lastKnownFileType = sourcecode.swift; path = StationWithDistance.swift; sourceTree = "<group>"; };
		89C3DFBA2A893122007732FC /* LiveTrain.swift */ = {isa = PBXFileReference; lastKnownFileType = sourcecode.swift; path = LiveTrain.swift; sourceTree = "<group>"; };
		89C3DFC02A8935BD007732FC /* JourneyView.swift */ = {isa = PBXFileReference; lastKnownFileType = sourcecode.swift; path = JourneyView.swift; sourceTree = "<group>"; };
		89C3DFC22A8936A8007732FC /* JourneyViewModel.swift */ = {isa = PBXFileReference; lastKnownFileType = sourcecode.swift; path = JourneyViewModel.swift; sourceTree = "<group>"; };
		89C3DFC42A895F8E007732FC /* NearbyTrainItem.swift */ = {isa = PBXFileReference; lastKnownFileType = sourcecode.swift; path = NearbyTrainItem.swift; sourceTree = "<group>"; };
		89C3DFC62A895FB5007732FC /* nearby-train.json */ = {isa = PBXFileReference; lastKnownFileType = text.json; path = "nearby-train.json"; sourceTree = "<group>"; };
		89C3DFCB2A896816007732FC /* JourneyStopItem.swift */ = {isa = PBXFileReference; lastKnownFileType = sourcecode.swift; path = JourneyStopItem.swift; sourceTree = "<group>"; };
		89C783AA2ABC928D001EBB70 /* FavouriteStationsView.swift */ = {isa = PBXFileReference; lastKnownFileType = sourcecode.swift; path = FavouriteStationsView.swift; sourceTree = "<group>"; };
		89C783AC2ABC93CD001EBB70 /* NearbyStationsView.swift */ = {isa = PBXFileReference; lastKnownFileType = sourcecode.swift; path = NearbyStationsView.swift; sourceTree = "<group>"; };
		89C783AF2ABCC48D001EBB70 /* StationsView.swift */ = {isa = PBXFileReference; lastKnownFileType = sourcecode.swift; path = StationsView.swift; sourceTree = "<group>"; };
		89C783B12ABCC5DE001EBB70 /* TreinRadar-iOS.entitlements */ = {isa = PBXFileReference; lastKnownFileType = text.plist.entitlements; path = "TreinRadar-iOS.entitlements"; sourceTree = "<group>"; };
		89C783B22ABCC633001EBB70 /* TreinRadar-watchOS.entitlements */ = {isa = PBXFileReference; lastKnownFileType = text.plist.entitlements; path = "TreinRadar-watchOS.entitlements"; sourceTree = "<group>"; };
		89CEFD892A3CF68300383555 /* Journey.swift */ = {isa = PBXFileReference; lastKnownFileType = sourcecode.swift; path = Journey.swift; sourceTree = "<group>"; };
		89CEFD8C2A3CF95600383555 /* DeparturesViewModel.swift */ = {isa = PBXFileReference; lastKnownFileType = sourcecode.swift; path = DeparturesViewModel.swift; sourceTree = "<group>"; };
		89CEFD8F2A3CFEBE00383555 /* FavouritesController.swift */ = {isa = PBXFileReference; lastKnownFileType = sourcecode.swift; path = FavouritesController.swift; sourceTree = "<group>"; };
		89CEFD942A3CFF5100383555 /* SavedStation.swift */ = {isa = PBXFileReference; lastKnownFileType = sourcecode.swift; path = SavedStation.swift; sourceTree = "<group>"; };
		89CEFD962A3D004B00383555 /* Defaults.swift */ = {isa = PBXFileReference; lastKnownFileType = sourcecode.swift; path = Defaults.swift; sourceTree = "<group>"; };
		89CEFD982A3D02B100383555 /* Station.swift */ = {isa = PBXFileReference; lastKnownFileType = sourcecode.swift; path = Station.swift; sourceTree = "<group>"; };
		89CEFD9B2A3D062900383555 /* JourneyView.swift */ = {isa = PBXFileReference; lastKnownFileType = sourcecode.swift; path = JourneyView.swift; sourceTree = "<group>"; };
		89CEFD9D2A3D064F00383555 /* JourneyResponse.swift */ = {isa = PBXFileReference; lastKnownFileType = sourcecode.swift; path = JourneyResponse.swift; sourceTree = "<group>"; };
		89CEFD9F2A3D07ED00383555 /* Shared.swift */ = {isa = PBXFileReference; lastKnownFileType = sourcecode.swift; path = Shared.swift; sourceTree = "<group>"; };
		89CEFDA12A3D0BBB00383555 /* TravelInfoView.swift */ = {isa = PBXFileReference; lastKnownFileType = sourcecode.swift; path = TravelInfoView.swift; sourceTree = "<group>"; };
		89CFC6592AC1CFF800C565C2 /* DeparturesView.swift */ = {isa = PBXFileReference; lastKnownFileType = sourcecode.swift; path = DeparturesView.swift; sourceTree = "<group>"; };
		89D6948A2A7FCB6400579D30 /* NearbyTrainsView.swift */ = {isa = PBXFileReference; fileEncoding = 4; lastKnownFileType = sourcecode.swift; path = NearbyTrainsView.swift; sourceTree = "<group>"; };
		89DD612D2AB2437600722EF4 /* station.json */ = {isa = PBXFileReference; lastKnownFileType = text.json; path = station.json; sourceTree = "<group>"; };
		89DD61302AB2489D00722EF4 /* StationViewModel.swift */ = {isa = PBXFileReference; lastKnownFileType = sourcecode.swift; path = StationViewModel.swift; sourceTree = "<group>"; };
		89DD61322AB24FBE00722EF4 /* PlatformIcon.swift */ = {isa = PBXFileReference; lastKnownFileType = sourcecode.swift; path = PlatformIcon.swift; sourceTree = "<group>"; };
		89DD61342AB2560D00722EF4 /* StationHeaderImage.swift */ = {isa = PBXFileReference; lastKnownFileType = sourcecode.swift; path = StationHeaderImage.swift; sourceTree = "<group>"; };
		89DD61362AB3263E00722EF4 /* NoteType+Localized.swift */ = {isa = PBXFileReference; lastKnownFileType = sourcecode.swift; path = "NoteType+Localized.swift"; sourceTree = "<group>"; };
		89E095532A7FCE90006A2407 /* NearbyTrainsViewModel.swift */ = {isa = PBXFileReference; fileEncoding = 4; lastKnownFileType = sourcecode.swift; path = NearbyTrainsViewModel.swift; sourceTree = "<group>"; };
		89E24B702AC6DFB1006FC316 /* InfoPlist.xcstrings */ = {isa = PBXFileReference; lastKnownFileType = text.json.xcstrings; path = InfoPlist.xcstrings; sourceTree = "<group>"; };
		89E42B8C2A7301010093CEC5 /* StationAnnotations.swift */ = {isa = PBXFileReference; lastKnownFileType = sourcecode.swift; path = StationAnnotations.swift; sourceTree = "<group>"; };
		89EDD6F52A7FBDBE0035C238 /* TreinRadar.app */ = {isa = PBXFileReference; explicitFileType = wrapper.application; includeInIndex = 0; path = TreinRadar.app; sourceTree = BUILT_PRODUCTS_DIR; };
		89EDD6F72A7FBDBE0035C238 /* TreinRadar_watchOSApp.swift */ = {isa = PBXFileReference; lastKnownFileType = sourcecode.swift; path = TreinRadar_watchOSApp.swift; sourceTree = "<group>"; };
		89EDD6F92A7FBDBE0035C238 /* ContentView.swift */ = {isa = PBXFileReference; lastKnownFileType = sourcecode.swift; path = ContentView.swift; sourceTree = "<group>"; };
		89EDD6FB2A7FBDC20035C238 /* Assets.xcassets */ = {isa = PBXFileReference; lastKnownFileType = folder.assetcatalog; path = Assets.xcassets; sourceTree = "<group>"; };
		89EDD6FE2A7FBDC20035C238 /* Preview Assets.xcassets */ = {isa = PBXFileReference; lastKnownFileType = folder.assetcatalog; path = "Preview Assets.xcassets"; sourceTree = "<group>"; };
		89FA153B2A782D8F00489E5B /* saved-journeys.json */ = {isa = PBXFileReference; fileEncoding = 4; lastKnownFileType = text.json; path = "saved-journeys.json"; sourceTree = "<group>"; };
		89FA153D2A78374200489E5B /* Info.plist */ = {isa = PBXFileReference; lastKnownFileType = text.plist; path = Info.plist; sourceTree = "<group>"; };
/* End PBXFileReference section */

/* Begin PBXFrameworksBuildPhase section */
		893AC2552A3B42AA00D621FE /* Frameworks */ = {
			isa = PBXFrameworksBuildPhase;
			buildActionMask = 2147483647;
			files = (
				89CEFD932A3CFF4000383555 /* Defaults in Frameworks */,
				893AC2702A3B436F00D621FE /* Alamofire in Frameworks */,
				89A8A7D22A7FCE2E0085D127 /* AsyncLocationKit in Frameworks */,
			);
			runOnlyForDeploymentPostprocessing = 0;
		};
		89EDD6F22A7FBDBE0035C238 /* Frameworks */ = {
			isa = PBXFrameworksBuildPhase;
			buildActionMask = 2147483647;
			files = (
				89A8A7CD2A7FCBE60085D127 /* Defaults in Frameworks */,
				89A8A7CB2A7FCBE60085D127 /* Alamofire in Frameworks */,
				89A8A7D02A7FCE210085D127 /* AsyncLocationKit in Frameworks */,
				89C3DFBF2A893526007732FC /* SwiftUI Apple Watch Decimal Pad in Frameworks */,
			);
			runOnlyForDeploymentPostprocessing = 0;
		};
/* End PBXFrameworksBuildPhase section */

/* Begin PBXGroup section */
		892F50DB2AA37C2100427D8C /* TrainMap */ = {
			isa = PBXGroup;
			children = (
				898DC9A92AA37F36006C9715 /* TrainAnnotations.swift */,
			);
			path = TrainMap;
			sourceTree = "<group>";
		};
		893AC24F2A3B42AA00D621FE = {
			isa = PBXGroup;
			children = (
				89E24B702AC6DFB1006FC316 /* InfoPlist.xcstrings */,
				896454712ABF4C2E00D4A32D /* Localizable.xcstrings */,
				897BC7D72AC46DD800B35F67 /* Assets */,
				89EDD7072A7FBE140035C238 /* Shared */,
				893AC25A2A3B42AA00D621FE /* TreinRadar-iOS */,
				89EDD6F62A7FBDBE0035C238 /* TreinRadar-watchOS */,
				893AC2592A3B42AA00D621FE /* Products */,
				89A8A7C92A7FCBE60085D127 /* Frameworks */,
			);
			sourceTree = "<group>";
		};
		893AC2592A3B42AA00D621FE /* Products */ = {
			isa = PBXGroup;
			children = (
				893AC2582A3B42AA00D621FE /* TreinRadar-iOS.app */,
				89EDD6F52A7FBDBE0035C238 /* TreinRadar.app */,
			);
			name = Products;
			sourceTree = "<group>";
		};
		893AC25A2A3B42AA00D621FE /* TreinRadar-iOS */ = {
			isa = PBXGroup;
			children = (
				89C783B12ABCC5DE001EBB70 /* TreinRadar-iOS.entitlements */,
				89FA153D2A78374200489E5B /* Info.plist */,
				89CEFD8E2A3CFEB100383555 /* Managers */,
				893AC2692A3B42C000D621FE /* Views */,
				893AC25B2A3B42AA00D621FE /* TreinRadarApp.swift */,
				893AC25D2A3B42AA00D621FE /* ContentView.swift */,
				893AC25F2A3B42AB00D621FE /* Assets.xcassets */,
				893AC2612A3B42AB00D621FE /* Preview Content */,
			);
			path = "TreinRadar-iOS";
			sourceTree = "<group>";
		};
		893AC2612A3B42AB00D621FE /* Preview Content */ = {
			isa = PBXGroup;
			children = (
				893AC2622A3B42AB00D621FE /* Preview Assets.xcassets */,
			);
			path = "Preview Content";
			sourceTree = "<group>";
		};
		893AC2692A3B42C000D621FE /* Views */ = {
			isa = PBXGroup;
			children = (
				8941D99C2A76B79E00041311 /* SavedItemsView */,
				89E42B8A2A7300DA0093CEC5 /* Map */,
				896F6A912A49664200A3CA5B /* TravelInfoView */,
				89ACF2FA2A485BBB00A4AC57 /* StationsSearchView */,
				8992D0702AB102B90071F351 /* Station */,
				89CEFD8B2A3CF94400383555 /* Departures */,
				89CEFD9A2A3D061E00383555 /* Journey */,
				89DD61322AB24FBE00722EF4 /* PlatformIcon.swift */,
				89A34A102AB75E460004591D /* LoadingView.swift */,
				89B0E81E2ABF304900FE6E0B /* RushIcon.swift */,
			);
			path = Views;
			sourceTree = "<group>";
		};
		893AC26A2A3B42D000D621FE /* Structs */ = {
			isa = PBXGroup;
			children = (
				893AC2752A3B489800D621FE /* NS */,
				891DC9D52A7FD3CF00B68579 /* NearbyTrain.swift */,
				89C3DFBA2A893122007732FC /* LiveTrain.swift */,
				89BAA7A02A76D8D300CDA640 /* SavedJourney.swift */,
				89CEFD942A3CFF5100383555 /* SavedStation.swift */,
				89CEFD982A3D02B100383555 /* Station.swift */,
				89CEFD892A3CF68300383555 /* Journey.swift */,
				89ACF2F02A470F4A00A4AC57 /* Stops+Geojson.swift */,
				89ACF2F22A4714FA00A4AC57 /* StationAnnotation.swift */,
				89BE5F822A55B0A000E395CC /* StationWithDistance.swift */,
				893831C12ACF0D08008FA4BC /* DetectedTrain.swift */,
			);
			path = Structs;
			sourceTree = "<group>";
		};
		893AC26B2A3B42D700D621FE /* API */ = {
			isa = PBXGroup;
			children = (
				893AC26C2A3B42E300D621FE /* API.swift */,
				892F50D82AA377EE00427D8C /* APINetworkLogger.swift */,
				893AC2762A3B493500D621FE /* APIError.swift */,
				89CEFD962A3D004B00383555 /* Defaults.swift */,
			);
			path = API;
			sourceTree = "<group>";
		};
		893AC2752A3B489800D621FE /* NS */ = {
			isa = PBXGroup;
			children = (
				893AC2732A3B489300D621FE /* CurrentVehicles.swift */,
				893AC27A2A3B4B1100D621FE /* StationsResponse.swift */,
				89CEFD9D2A3D064F00383555 /* JourneyResponse.swift */,
				893C4CCB2A45B29C002E3540 /* JourneyGeojson.swift */,
				893AC27E2A3B507300D621FE /* DeparturesResponse.swift */,
				89586DE92AB729E600939839 /* ArrivalsResponse.swift */,
				89CEFD9F2A3D07ED00383555 /* Shared.swift */,
			);
			path = NS;
			sourceTree = "<group>";
		};
		893C4CCD2A460CB6002E3540 /* JourneyMap */ = {
			isa = PBXGroup;
			children = (
				893C4CCE2A460CC7002E3540 /* LegacyJourneyMapView.swift */,
				893C4CD02A460D68002E3540 /* JourneyMapViewCoordinator.swift */,
				898F78082AC057FB00BA6F6E /* JourneyMapView.swift */,
			);
			path = JourneyMap;
			sourceTree = "<group>";
		};
		8941D99C2A76B79E00041311 /* SavedItemsView */ = {
			isa = PBXGroup;
			children = (
				896EB28E2A76D76D0084980A /* SavedItemsView.swift */,
			);
			path = SavedItemsView;
			sourceTree = "<group>";
		};
		8946EFBA2ADBE553004D4C75 /* Lookup */ = {
			isa = PBXGroup;
			children = (
				8946EFBB2ADBE574004D4C75 /* LookupJourney.swift */,
			);
			path = Lookup;
			sourceTree = "<group>";
		};
		895A31002A4421EF00E305D8 /* Extensions */ = {
			isa = PBXGroup;
			children = (
				8993A1542ACDB008002AC4A0 /* Array+Duplicates.swift */,
				89A8A7C62A7FCBC80085D127 /* Formatters.swift */,
				895A31012A4421FC00E305D8 /* Date+Formatter.swift */,
				89ACF2FD2A48608600A4AC57 /* Location+Equatable.swift */,
				891AEE9B2A534A6D005A49F5 /* Journey+Computed.swift */,
				896AF0F22A55A582001936AD /* Stop+Computed.swift */,
				89A48EC52A5573A0006F7A4E /* MessageStyle+String.swift */,
				895998362A570F7A00847B84 /* String+Capitalization.swift */,
				89DD61362AB3263E00722EF4 /* NoteType+Localized.swift */,
				895BF5A62ACC473B0015F3A3 /* StationType+Localized.swift */,
				8993A1522ACDAD02002AC4A0 /* Facility+Symbol.swift */,
			);
			path = Extensions;
			sourceTree = "<group>";
		};
		896F6A912A49664200A3CA5B /* TravelInfoView */ = {
			isa = PBXGroup;
			children = (
				8946EFBA2ADBE553004D4C75 /* Lookup */,
				89CEFDA12A3D0BBB00383555 /* TravelInfoView.swift */,
				896F6A922A49664F00A3CA5B /* TravelInfoViewModel.swift */,
				895998332A570B7F00847B84 /* CurrentTrainView.swift */,
			);
			path = TravelInfoView;
			sourceTree = "<group>";
		};
		897BC7D72AC46DD800B35F67 /* Assets */ = {
			isa = PBXGroup;
			children = (
				897BC7D82AC46DD800B35F67 /* Screenshots */,
				897BC7E32AC46DD800B35F67 /* AppIcon.afdesign */,
			);
			path = Assets;
			sourceTree = "<group>";
		};
		897BC7D82AC46DD800B35F67 /* Screenshots */ = {
			isa = PBXGroup;
			children = (
				897BC7D92AC46DD800B35F67 /* iPhone 13 */,
				897BC7E02AC46DD800B35F67 /* iPad Pro 2nd gen */,
				897BC7E12AC46DD800B35F67 /* iPhone 5.5 inch */,
				897BC7E22AC46DD800B35F67 /* iPhone 6.7 inch */,
				897BC7E42AC46DF000B35F67 /* README.md */,
			);
			path = Screenshots;
			sourceTree = "<group>";
		};
		897BC7D92AC46DD800B35F67 /* iPhone 13 */ = {
			isa = PBXGroup;
			children = (
				897BC7DA2AC46DD800B35F67 /* 1 - Home.PNG */,
				897BC7DE2AC46DD800B35F67 /* 2 - Map - Stations.PNG */,
				897BC7DB2AC46DD800B35F67 /* 3 - Map - Trains.PNG */,
				897BC7DD2AC46DD800B35F67 /* 4 - Station.PNG */,
				897BC7DC2AC46DD800B35F67 /* 5 - Journey.PNG */,
			);
			path = "iPhone 13";
			sourceTree = "<group>";
		};
		897BC7E02AC46DD800B35F67 /* iPad Pro 2nd gen */ = {
			isa = PBXGroup;
			children = (
			);
			path = "iPad Pro 2nd gen";
			sourceTree = "<group>";
		};
		897BC7E12AC46DD800B35F67 /* iPhone 5.5 inch */ = {
			isa = PBXGroup;
			children = (
			);
			path = "iPhone 5.5 inch";
			sourceTree = "<group>";
		};
		897BC7E22AC46DD800B35F67 /* iPhone 6.7 inch */ = {
			isa = PBXGroup;
			children = (
			);
			path = "iPhone 6.7 inch";
			sourceTree = "<group>";
		};
		8990DAE62A80161A000286BB /* LookupTrain */ = {
			isa = PBXGroup;
			children = (
				89B8FCD12A801668001A84E3 /* LookupTrainView.swift */,
				89C3DFC02A8935BD007732FC /* JourneyView.swift */,
				89C3DFC22A8936A8007732FC /* JourneyViewModel.swift */,
				89C3DFCB2A896816007732FC /* JourneyStopItem.swift */,
			);
			path = LookupTrain;
			sourceTree = "<group>";
		};
		8992D0702AB102B90071F351 /* Station */ = {
			isa = PBXGroup;
			children = (
				8992D0712AB102CA0071F351 /* StationView.swift */,
				89DD61342AB2560D00722EF4 /* StationHeaderImage.swift */,
				89DD61302AB2489D00722EF4 /* StationViewModel.swift */,
			);
			path = Station;
			sourceTree = "<group>";
		};
		89A48EC92A557521006F7A4E /* MockData */ = {
			isa = PBXGroup;
			children = (
				89A48ECC2A557562006F7A4E /* MockData.swift */,
				89FA153B2A782D8F00489E5B /* saved-journeys.json */,
				89A48ECA2A557533006F7A4E /* departures.json */,
				895998312A570B5300847B84 /* journey.json */,
				89C3DFC62A895FB5007732FC /* nearby-train.json */,
				89DD612D2AB2437600722EF4 /* station.json */,
				898F780A2AC059F800BA6F6E /* stops-geometry.json */,
			);
			path = MockData;
			sourceTree = "<group>";
		};
		89A8A7C92A7FCBE60085D127 /* Frameworks */ = {
			isa = PBXGroup;
			children = (
			);
			name = Frameworks;
			sourceTree = "<group>";
		};
		89A8A7D32A7FCE580085D127 /* NearbyTrains */ = {
			isa = PBXGroup;
			children = (
				89E095532A7FCE90006A2407 /* NearbyTrainsViewModel.swift */,
				89D6948A2A7FCB6400579D30 /* NearbyTrainsView.swift */,
				89C3DFC42A895F8E007732FC /* NearbyTrainItem.swift */,
			);
			path = NearbyTrains;
			sourceTree = "<group>";
		};
		89ACF2FA2A485BBB00A4AC57 /* StationsSearchView */ = {
			isa = PBXGroup;
			children = (
				893AC2782A3B4A9E00D621FE /* StationsSearchView.swift */,
				89C783AA2ABC928D001EBB70 /* FavouriteStationsView.swift */,
				89C783AC2ABC93CD001EBB70 /* NearbyStationsView.swift */,
			);
			path = StationsSearchView;
			sourceTree = "<group>";
		};
		89C783AE2ABCC47C001EBB70 /* Departures */ = {
			isa = PBXGroup;
			children = (
				89C783AF2ABCC48D001EBB70 /* StationsView.swift */,
				89CFC6592AC1CFF800C565C2 /* DeparturesView.swift */,
			);
			path = Departures;
			sourceTree = "<group>";
		};
		89CEFD8B2A3CF94400383555 /* Departures */ = {
			isa = PBXGroup;
			children = (
				89CEFD8C2A3CF95600383555 /* DeparturesViewModel.swift */,
				893AC27C2A3B504F00D621FE /* DeparturesView.swift */,
				89A48EC72A557497006F7A4E /* DepartureItemView.swift */,
			);
			path = Departures;
			sourceTree = "<group>";
		};
		89CEFD8E2A3CFEB100383555 /* Managers */ = {
			isa = PBXGroup;
			children = (
				89CEFD8F2A3CFEBE00383555 /* FavouritesController.swift */,
				89ACF2F42A47161700A4AC57 /* TrainManager.swift */,
				89ACF2F62A47172400A4AC57 /* StationsManager.swift */,
				89ACF2F82A471CB500A4AC57 /* LocationManager.swift */,
			);
			path = Managers;
			sourceTree = "<group>";
		};
		89CEFD9A2A3D061E00383555 /* Journey */ = {
			isa = PBXGroup;
			children = (
				89CEFD9B2A3D062900383555 /* JourneyView.swift */,
				895A30FE2A44219500E305D8 /* JourneyViewModel.swift */,
			);
			path = Journey;
			sourceTree = "<group>";
		};
		89E42B8A2A7300DA0093CEC5 /* Map */ = {
			isa = PBXGroup;
			children = (
				893C4CCD2A460CB6002E3540 /* JourneyMap */,
				892F50DB2AA37C2100427D8C /* TrainMap */,
				89E42B8B2A7300EE0093CEC5 /* StationMap */,
				898DC9AC2AA38990006C9715 /* TrainTrack.swift */,
				893AC2712A3B470F00D621FE /* MapView.swift */,
			);
			path = Map;
			sourceTree = "<group>";
		};
		89E42B8B2A7300EE0093CEC5 /* StationMap */ = {
			isa = PBXGroup;
			children = (
				89E42B8C2A7301010093CEC5 /* StationAnnotations.swift */,
			);
			path = StationMap;
			sourceTree = "<group>";
		};
		89EDD6F62A7FBDBE0035C238 /* TreinRadar-watchOS */ = {
			isa = PBXGroup;
			children = (
				89C783B22ABCC633001EBB70 /* TreinRadar-watchOS.entitlements */,
				89EDD71E2A7FCB0B0035C238 /* Views */,
				89EDD6F72A7FBDBE0035C238 /* TreinRadar_watchOSApp.swift */,
				89EDD6F92A7FBDBE0035C238 /* ContentView.swift */,
				89EDD6FB2A7FBDC20035C238 /* Assets.xcassets */,
				89EDD6FD2A7FBDC20035C238 /* Preview Content */,
			);
			path = "TreinRadar-watchOS";
			sourceTree = "<group>";
		};
		89EDD6FD2A7FBDC20035C238 /* Preview Content */ = {
			isa = PBXGroup;
			children = (
				89EDD6FE2A7FBDC20035C238 /* Preview Assets.xcassets */,
			);
			path = "Preview Content";
			sourceTree = "<group>";
		};
		89EDD7072A7FBE140035C238 /* Shared */ = {
			isa = PBXGroup;
			children = (
				89A48EC92A557521006F7A4E /* MockData */,
				893AC26A2A3B42D000D621FE /* Structs */,
				895A31002A4421EF00E305D8 /* Extensions */,
				893AC26B2A3B42D700D621FE /* API */,
				891799E82ABDDC150010DC9F /* WCSessionDelegator.swift */,
				89B0E81A2ABF299400FE6E0B /* WatchConnectManager.swift */,
			);
			path = Shared;
			sourceTree = "<group>";
		};
		89EDD71E2A7FCB0B0035C238 /* Views */ = {
			isa = PBXGroup;
			children = (
				89C783AE2ABCC47C001EBB70 /* Departures */,
				8990DAE62A80161A000286BB /* LookupTrain */,
				89A8A7D32A7FCE580085D127 /* NearbyTrains */,
			);
			path = Views;
			sourceTree = "<group>";
		};
/* End PBXGroup section */

/* Begin PBXNativeTarget section */
		893AC2572A3B42AA00D621FE /* TreinRadar-iOS */ = {
			isa = PBXNativeTarget;
			buildConfigurationList = 893AC2662A3B42AB00D621FE /* Build configuration list for PBXNativeTarget "TreinRadar-iOS" */;
			buildPhases = (
				893AC2542A3B42AA00D621FE /* Sources */,
				893AC2552A3B42AA00D621FE /* Frameworks */,
				893AC2562A3B42AA00D621FE /* Resources */,
				89EDD7062A7FBDC20035C238 /* Embed Watch Content */,
			);
			buildRules = (
			);
			dependencies = (
				89EDD7012A7FBDC20035C238 /* PBXTargetDependency */,
			);
			name = "TreinRadar-iOS";
			packageProductDependencies = (
				893AC26F2A3B436F00D621FE /* Alamofire */,
				89CEFD922A3CFF4000383555 /* Defaults */,
				89A8A7D12A7FCE2E0085D127 /* AsyncLocationKit */,
			);
			productName = TreinRadar;
			productReference = 893AC2582A3B42AA00D621FE /* TreinRadar-iOS.app */;
			productType = "com.apple.product-type.application";
		};
		89EDD6F42A7FBDBE0035C238 /* TreinRadar-watchOS */ = {
			isa = PBXNativeTarget;
			buildConfigurationList = 89EDD7032A7FBDC20035C238 /* Build configuration list for PBXNativeTarget "TreinRadar-watchOS" */;
			buildPhases = (
				89EDD6F12A7FBDBE0035C238 /* Sources */,
				89EDD6F22A7FBDBE0035C238 /* Frameworks */,
				89EDD6F32A7FBDBE0035C238 /* Resources */,
			);
			buildRules = (
			);
			dependencies = (
			);
			name = "TreinRadar-watchOS";
			packageProductDependencies = (
				89A8A7CA2A7FCBE60085D127 /* Alamofire */,
				89A8A7CC2A7FCBE60085D127 /* Defaults */,
				89A8A7CF2A7FCE210085D127 /* AsyncLocationKit */,
				89C3DFBE2A893526007732FC /* SwiftUI Apple Watch Decimal Pad */,
			);
			productName = "TreinRadar-watchOS Watch App";
			productReference = 89EDD6F52A7FBDBE0035C238 /* TreinRadar.app */;
			productType = "com.apple.product-type.application";
		};
/* End PBXNativeTarget section */

/* Begin PBXProject section */
		893AC2502A3B42AA00D621FE /* Project object */ = {
			isa = PBXProject;
			attributes = {
				BuildIndependentTargetsInParallel = 1;
				LastSwiftUpdateCheck = 1500;
				LastUpgradeCheck = 1500;
				TargetAttributes = {
					893AC2572A3B42AA00D621FE = {
						CreatedOnToolsVersion = 15.0;
					};
					89EDD6F42A7FBDBE0035C238 = {
						CreatedOnToolsVersion = 15.0;
					};
				};
			};
			buildConfigurationList = 893AC2532A3B42AA00D621FE /* Build configuration list for PBXProject "TreinRadar" */;
			compatibilityVersion = "Xcode 14.0";
			developmentRegion = nl;
			hasScannedForEncodings = 0;
			knownRegions = (
				Base,
				nl,
				en,
			);
			mainGroup = 893AC24F2A3B42AA00D621FE;
			packageReferences = (
				893AC26E2A3B436F00D621FE /* XCRemoteSwiftPackageReference "Alamofire" */,
				89CEFD912A3CFF4000383555 /* XCRemoteSwiftPackageReference "Defaults" */,
				89A8A7CE2A7FCE210085D127 /* XCRemoteSwiftPackageReference "AsyncLocationKit" */,
				89C3DFBD2A893526007732FC /* XCRemoteSwiftPackageReference "SwiftUI-Apple-Watch-Decimal-Pad" */,
			);
			productRefGroup = 893AC2592A3B42AA00D621FE /* Products */;
			projectDirPath = "";
			projectRoot = "";
			targets = (
				893AC2572A3B42AA00D621FE /* TreinRadar-iOS */,
				89EDD6F42A7FBDBE0035C238 /* TreinRadar-watchOS */,
			);
		};
/* End PBXProject section */

/* Begin PBXResourcesBuildPhase section */
		893AC2562A3B42AA00D621FE /* Resources */ = {
			isa = PBXResourcesBuildPhase;
			buildActionMask = 2147483647;
			files = (
				89FA153C2A782D8F00489E5B /* saved-journeys.json in Resources */,
				89DD612E2AB2437600722EF4 /* station.json in Resources */,
				898F780B2AC059F900BA6F6E /* stops-geometry.json in Resources */,
				896454722ABF4C2E00D4A32D /* Localizable.xcstrings in Resources */,
				89C3DFC72A895FB5007732FC /* nearby-train.json in Resources */,
				895998322A570B5300847B84 /* journey.json in Resources */,
				89E24B712AC6DFB1006FC316 /* InfoPlist.xcstrings in Resources */,
				893AC2632A3B42AB00D621FE /* Preview Assets.xcassets in Resources */,
				89A48ECB2A557533006F7A4E /* departures.json in Resources */,
				893AC2602A3B42AB00D621FE /* Assets.xcassets in Resources */,
			);
			runOnlyForDeploymentPostprocessing = 0;
		};
		89EDD6F32A7FBDBE0035C238 /* Resources */ = {
			isa = PBXResourcesBuildPhase;
			buildActionMask = 2147483647;
			files = (
				8973B7E42A921CDC00BBDC9A /* departures.json in Resources */,
				89DD612F2AB2437600722EF4 /* station.json in Resources */,
				896454732ABF4C3200D4A32D /* Localizable.xcstrings in Resources */,
				89E24B722AC6DFB1006FC316 /* InfoPlist.xcstrings in Resources */,
				8973B7E32A921CDC00BBDC9A /* saved-journeys.json in Resources */,
				89C3DFCD2A896A35007732FC /* journey.json in Resources */,
				89EDD6FF2A7FBDC20035C238 /* Preview Assets.xcassets in Resources */,
				89C3DFCA2A896180007732FC /* nearby-train.json in Resources */,
				89EDD6FC2A7FBDC20035C238 /* Assets.xcassets in Resources */,
			);
			runOnlyForDeploymentPostprocessing = 0;
		};
/* End PBXResourcesBuildPhase section */

/* Begin PBXSourcesBuildPhase section */
		893AC2542A3B42AA00D621FE /* Sources */ = {
			isa = PBXSourcesBuildPhase;
			buildActionMask = 2147483647;
			files = (
				89C783AD2ABC93CD001EBB70 /* NearbyStationsView.swift in Sources */,
				893C4CCC2A45B29C002E3540 /* JourneyGeojson.swift in Sources */,
				898DC9AD2AA38990006C9715 /* TrainTrack.swift in Sources */,
				896F6A932A49664F00A3CA5B /* TravelInfoViewModel.swift in Sources */,
				89DD61372AB3263E00722EF4 /* NoteType+Localized.swift in Sources */,
				89A8A7C72A7FCBC80085D127 /* Formatters.swift in Sources */,
				8993A1532ACDAD02002AC4A0 /* Facility+Symbol.swift in Sources */,
				89A34A112AB75E460004591D /* LoadingView.swift in Sources */,
				893AC25E2A3B42AA00D621FE /* ContentView.swift in Sources */,
				89ACF2F92A471CB500A4AC57 /* LocationManager.swift in Sources */,
				895A30FF2A44219500E305D8 /* JourneyViewModel.swift in Sources */,
				89CEFD9E2A3D065000383555 /* JourneyResponse.swift in Sources */,
				893C4CCF2A460CC8002E3540 /* LegacyJourneyMapView.swift in Sources */,
				896EB28F2A76D76D0084980A /* SavedItemsView.swift in Sources */,
				89CEFD8A2A3CF68300383555 /* Journey.swift in Sources */,
				89C3DFBB2A893122007732FC /* LiveTrain.swift in Sources */,
				89DD61312AB2489D00722EF4 /* StationViewModel.swift in Sources */,
				893AC2722A3B470F00D621FE /* MapView.swift in Sources */,
				891799E92ABDDC150010DC9F /* WCSessionDelegator.swift in Sources */,
				893AC2742A3B489300D621FE /* CurrentVehicles.swift in Sources */,
				898DC9AA2AA37F36006C9715 /* TrainAnnotations.swift in Sources */,
				89CEFDA02A3D07ED00383555 /* Shared.swift in Sources */,
				89CEFD952A3CFF5100383555 /* SavedStation.swift in Sources */,
				895998372A570F7A00847B84 /* String+Capitalization.swift in Sources */,
				896AF0F32A55A582001936AD /* Stop+Computed.swift in Sources */,
				8992D0722AB102CA0071F351 /* StationView.swift in Sources */,
				89ACF2FE2A48608600A4AC57 /* Location+Equatable.swift in Sources */,
				89BAA7A12A76D8D300CDA640 /* SavedJourney.swift in Sources */,
				893AC2792A3B4A9E00D621FE /* StationsSearchView.swift in Sources */,
				898F78092AC057FB00BA6F6E /* JourneyMapView.swift in Sources */,
				893AC27D2A3B505000D621FE /* DeparturesView.swift in Sources */,
				893AC26D2A3B42E300D621FE /* API.swift in Sources */,
				891DC9D62A7FD3CF00B68579 /* NearbyTrain.swift in Sources */,
				89DD61332AB24FBE00722EF4 /* PlatformIcon.swift in Sources */,
				89B0E81B2ABF299400FE6E0B /* WatchConnectManager.swift in Sources */,
				893AC27B2A3B4B1100D621FE /* StationsResponse.swift in Sources */,
				89ACF2F52A47161700A4AC57 /* TrainManager.swift in Sources */,
				893C4CD12A460D68002E3540 /* JourneyMapViewCoordinator.swift in Sources */,
				89A48EC62A5573A0006F7A4E /* MessageStyle+String.swift in Sources */,
				8993A1552ACDB008002AC4A0 /* Array+Duplicates.swift in Sources */,
				895A31022A4421FC00E305D8 /* Date+Formatter.swift in Sources */,
				89CEFDA22A3D0BBB00383555 /* TravelInfoView.swift in Sources */,
				893AC25C2A3B42AA00D621FE /* TreinRadarApp.swift in Sources */,
				89E42B8D2A7301010093CEC5 /* StationAnnotations.swift in Sources */,
				89B0E81F2ABF304900FE6E0B /* RushIcon.swift in Sources */,
				89A48EC82A557497006F7A4E /* DepartureItemView.swift in Sources */,
				891AEE9C2A534A6D005A49F5 /* Journey+Computed.swift in Sources */,
				8946EFBC2ADBE574004D4C75 /* LookupJourney.swift in Sources */,
				89CEFD992A3D02B100383555 /* Station.swift in Sources */,
				892F50D92AA377EE00427D8C /* APINetworkLogger.swift in Sources */,
				89ACF2F72A47172400A4AC57 /* StationsManager.swift in Sources */,
				895BF5A72ACC473B0015F3A3 /* StationType+Localized.swift in Sources */,
				893AC2772A3B493500D621FE /* APIError.swift in Sources */,
				89CEFD9C2A3D062900383555 /* JourneyView.swift in Sources */,
				89C783AB2ABC928D001EBB70 /* FavouriteStationsView.swift in Sources */,
				89BE5F832A55B0A000E395CC /* StationWithDistance.swift in Sources */,
				89DD61352AB2560D00722EF4 /* StationHeaderImage.swift in Sources */,
				89ACF2F12A470F4A00A4AC57 /* Stops+Geojson.swift in Sources */,
				893AC27F2A3B507300D621FE /* DeparturesResponse.swift in Sources */,
				89CEFD972A3D004B00383555 /* Defaults.swift in Sources */,
				89CEFD8D2A3CF95600383555 /* DeparturesViewModel.swift in Sources */,
				89A48ECD2A557562006F7A4E /* MockData.swift in Sources */,
				89586DEA2AB729E600939839 /* ArrivalsResponse.swift in Sources */,
				89ACF2F32A4714FA00A4AC57 /* StationAnnotation.swift in Sources */,
				895998342A570B7F00847B84 /* CurrentTrainView.swift in Sources */,
				893831C22ACF0D09008FA4BC /* DetectedTrain.swift in Sources */,
				89CEFD902A3CFEBE00383555 /* FavouritesController.swift in Sources */,
			);
			runOnlyForDeploymentPostprocessing = 0;
		};
		89EDD6F12A7FBDBE0035C238 /* Sources */ = {
			isa = PBXSourcesBuildPhase;
			buildActionMask = 2147483647;
			files = (
				89CFC65A2AC1CFF800C565C2 /* DeparturesView.swift in Sources */,
				89EDD7132A7FCAF40035C238 /* Shared.swift in Sources */,
				89EDD70F2A7FCAE60035C238 /* Date+Formatter.swift in Sources */,
				89EDD7152A7FCAF40035C238 /* SavedStation.swift in Sources */,
				89C3DFC92A896021007732FC /* MockData.swift in Sources */,
				89EDD7112A7FCAF40035C238 /* DeparturesResponse.swift in Sources */,
				895BF5A82ACC473B0015F3A3 /* StationType+Localized.swift in Sources */,
				891799EA2ABDDC150010DC9F /* WCSessionDelegator.swift in Sources */,
				89EDD71D2A7FCAF40035C238 /* SavedJourney.swift in Sources */,
				89EDD71A2A7FCAF40035C238 /* CurrentVehicles.swift in Sources */,
				89C3DFC52A895F8E007732FC /* NearbyTrainItem.swift in Sources */,
				89EDD70C2A7FCAE60035C238 /* String+Capitalization.swift in Sources */,
				89EDD7192A7FCAF40035C238 /* StationsResponse.swift in Sources */,
				89EDD6FA2A7FBDBE0035C238 /* ContentView.swift in Sources */,
				89C3DFC32A8936A9007732FC /* JourneyViewModel.swift in Sources */,
				89EDD71B2A7FCAF40035C238 /* Station.swift in Sources */,
				89EDD7172A7FCAF40035C238 /* Journey.swift in Sources */,
				89EDD7162A7FCAF40035C238 /* JourneyResponse.swift in Sources */,
				89E095542A7FCE90006A2407 /* NearbyTrainsViewModel.swift in Sources */,
				89B8FCD22A801668001A84E3 /* LookupTrainView.swift in Sources */,
				89EDD7142A7FCAF40035C238 /* JourneyGeojson.swift in Sources */,
				89EDD7092A7FCAD20035C238 /* Defaults.swift in Sources */,
				89A8A7C82A7FCBC80085D127 /* Formatters.swift in Sources */,
				89EDD70D2A7FCAE60035C238 /* Location+Equatable.swift in Sources */,
				89C3DFBC2A893122007732FC /* LiveTrain.swift in Sources */,
				89C3DFC12A8935BD007732FC /* JourneyView.swift in Sources */,
				89C3DFCC2A896816007732FC /* JourneyStopItem.swift in Sources */,
				89EDD6F82A7FBDBE0035C238 /* TreinRadar_watchOSApp.swift in Sources */,
				89EDD7082A7FCAD20035C238 /* APIError.swift in Sources */,
				891DC9D72A7FD3CF00B68579 /* NearbyTrain.swift in Sources */,
				89EDD7182A7FCAF40035C238 /* StationWithDistance.swift in Sources */,
				89EDD7122A7FCAF40035C238 /* StationAnnotation.swift in Sources */,
				89EDD70B2A7FCAE60035C238 /* MessageStyle+String.swift in Sources */,
				89EDD71C2A7FCAF40035C238 /* Stops+Geojson.swift in Sources */,
				89B0E81C2ABF2B5B00FE6E0B /* WatchConnectManager.swift in Sources */,
				89C783B02ABCC48D001EBB70 /* StationsView.swift in Sources */,
				89D6948B2A7FCB6400579D30 /* NearbyTrainsView.swift in Sources */,
				89EDD70A2A7FCAD20035C238 /* API.swift in Sources */,
				892F50DA2AA377EE00427D8C /* APINetworkLogger.swift in Sources */,
				89586DEB2AB729E600939839 /* ArrivalsResponse.swift in Sources */,
				89EDD70E2A7FCAE60035C238 /* Stop+Computed.swift in Sources */,
				89EDD7102A7FCAE60035C238 /* Journey+Computed.swift in Sources */,
			);
			runOnlyForDeploymentPostprocessing = 0;
		};
/* End PBXSourcesBuildPhase section */

/* Begin PBXTargetDependency section */
		89EDD7012A7FBDC20035C238 /* PBXTargetDependency */ = {
			isa = PBXTargetDependency;
			target = 89EDD6F42A7FBDBE0035C238 /* TreinRadar-watchOS */;
			targetProxy = 89EDD7002A7FBDC20035C238 /* PBXContainerItemProxy */;
		};
/* End PBXTargetDependency section */

/* Begin XCBuildConfiguration section */
		893AC2642A3B42AB00D621FE /* Debug */ = {
			isa = XCBuildConfiguration;
			buildSettings = {
				ALWAYS_SEARCH_USER_PATHS = NO;
				ASSETCATALOG_COMPILER_GENERATE_SWIFT_ASSET_SYMBOL_EXTENSIONS = YES;
				CLANG_ANALYZER_NONNULL = YES;
				CLANG_ANALYZER_NUMBER_OBJECT_CONVERSION = YES_AGGRESSIVE;
				CLANG_CXX_LANGUAGE_STANDARD = "gnu++20";
				CLANG_ENABLE_MODULES = YES;
				CLANG_ENABLE_OBJC_ARC = YES;
				CLANG_ENABLE_OBJC_WEAK = YES;
				CLANG_WARN_BLOCK_CAPTURE_AUTORELEASING = YES;
				CLANG_WARN_BOOL_CONVERSION = YES;
				CLANG_WARN_COMMA = YES;
				CLANG_WARN_CONSTANT_CONVERSION = YES;
				CLANG_WARN_DEPRECATED_OBJC_IMPLEMENTATIONS = YES;
				CLANG_WARN_DIRECT_OBJC_ISA_USAGE = YES_ERROR;
				CLANG_WARN_DOCUMENTATION_COMMENTS = YES;
				CLANG_WARN_EMPTY_BODY = YES;
				CLANG_WARN_ENUM_CONVERSION = YES;
				CLANG_WARN_INFINITE_RECURSION = YES;
				CLANG_WARN_INT_CONVERSION = YES;
				CLANG_WARN_NON_LITERAL_NULL_CONVERSION = YES;
				CLANG_WARN_OBJC_IMPLICIT_RETAIN_SELF = YES;
				CLANG_WARN_OBJC_LITERAL_CONVERSION = YES;
				CLANG_WARN_OBJC_ROOT_CLASS = YES_ERROR;
				CLANG_WARN_QUOTED_INCLUDE_IN_FRAMEWORK_HEADER = YES;
				CLANG_WARN_RANGE_LOOP_ANALYSIS = YES;
				CLANG_WARN_STRICT_PROTOTYPES = YES;
				CLANG_WARN_SUSPICIOUS_MOVE = YES;
				CLANG_WARN_UNGUARDED_AVAILABILITY = YES_AGGRESSIVE;
				CLANG_WARN_UNREACHABLE_CODE = YES;
				CLANG_WARN__DUPLICATE_METHOD_MATCH = YES;
				COPY_PHASE_STRIP = NO;
				DEBUG_INFORMATION_FORMAT = dwarf;
				ENABLE_STRICT_OBJC_MSGSEND = YES;
				ENABLE_TESTABILITY = YES;
				ENABLE_USER_SCRIPT_SANDBOXING = YES;
				GCC_C_LANGUAGE_STANDARD = gnu17;
				GCC_DYNAMIC_NO_PIC = NO;
				GCC_NO_COMMON_BLOCKS = YES;
				GCC_OPTIMIZATION_LEVEL = 0;
				GCC_PREPROCESSOR_DEFINITIONS = (
					"DEBUG=1",
					"$(inherited)",
				);
				GCC_WARN_64_TO_32_BIT_CONVERSION = YES;
				GCC_WARN_ABOUT_RETURN_TYPE = YES_ERROR;
				GCC_WARN_UNDECLARED_SELECTOR = YES;
				GCC_WARN_UNINITIALIZED_AUTOS = YES_AGGRESSIVE;
				GCC_WARN_UNUSED_FUNCTION = YES;
				GCC_WARN_UNUSED_VARIABLE = YES;
				IPHONEOS_DEPLOYMENT_TARGET = 16.4;
				LOCALIZATION_PREFERS_STRING_CATALOGS = YES;
				MTL_ENABLE_DEBUG_INFO = INCLUDE_SOURCE;
				MTL_FAST_MATH = YES;
				ONLY_ACTIVE_ARCH = YES;
				SDKROOT = iphoneos;
				SWIFT_ACTIVE_COMPILATION_CONDITIONS = "DEBUG $(inherited)";
				SWIFT_OPTIMIZATION_LEVEL = "-Onone";
				WATCHOS_DEPLOYMENT_TARGET = 9.0;
			};
			name = Debug;
		};
		893AC2652A3B42AB00D621FE /* Release */ = {
			isa = XCBuildConfiguration;
			buildSettings = {
				ALWAYS_SEARCH_USER_PATHS = NO;
				ASSETCATALOG_COMPILER_GENERATE_SWIFT_ASSET_SYMBOL_EXTENSIONS = YES;
				CLANG_ANALYZER_NONNULL = YES;
				CLANG_ANALYZER_NUMBER_OBJECT_CONVERSION = YES_AGGRESSIVE;
				CLANG_CXX_LANGUAGE_STANDARD = "gnu++20";
				CLANG_ENABLE_MODULES = YES;
				CLANG_ENABLE_OBJC_ARC = YES;
				CLANG_ENABLE_OBJC_WEAK = YES;
				CLANG_WARN_BLOCK_CAPTURE_AUTORELEASING = YES;
				CLANG_WARN_BOOL_CONVERSION = YES;
				CLANG_WARN_COMMA = YES;
				CLANG_WARN_CONSTANT_CONVERSION = YES;
				CLANG_WARN_DEPRECATED_OBJC_IMPLEMENTATIONS = YES;
				CLANG_WARN_DIRECT_OBJC_ISA_USAGE = YES_ERROR;
				CLANG_WARN_DOCUMENTATION_COMMENTS = YES;
				CLANG_WARN_EMPTY_BODY = YES;
				CLANG_WARN_ENUM_CONVERSION = YES;
				CLANG_WARN_INFINITE_RECURSION = YES;
				CLANG_WARN_INT_CONVERSION = YES;
				CLANG_WARN_NON_LITERAL_NULL_CONVERSION = YES;
				CLANG_WARN_OBJC_IMPLICIT_RETAIN_SELF = YES;
				CLANG_WARN_OBJC_LITERAL_CONVERSION = YES;
				CLANG_WARN_OBJC_ROOT_CLASS = YES_ERROR;
				CLANG_WARN_QUOTED_INCLUDE_IN_FRAMEWORK_HEADER = YES;
				CLANG_WARN_RANGE_LOOP_ANALYSIS = YES;
				CLANG_WARN_STRICT_PROTOTYPES = YES;
				CLANG_WARN_SUSPICIOUS_MOVE = YES;
				CLANG_WARN_UNGUARDED_AVAILABILITY = YES_AGGRESSIVE;
				CLANG_WARN_UNREACHABLE_CODE = YES;
				CLANG_WARN__DUPLICATE_METHOD_MATCH = YES;
				COPY_PHASE_STRIP = NO;
				DEBUG_INFORMATION_FORMAT = "dwarf-with-dsym";
				ENABLE_NS_ASSERTIONS = NO;
				ENABLE_STRICT_OBJC_MSGSEND = YES;
				ENABLE_USER_SCRIPT_SANDBOXING = YES;
				GCC_C_LANGUAGE_STANDARD = gnu17;
				GCC_NO_COMMON_BLOCKS = YES;
				GCC_WARN_64_TO_32_BIT_CONVERSION = YES;
				GCC_WARN_ABOUT_RETURN_TYPE = YES_ERROR;
				GCC_WARN_UNDECLARED_SELECTOR = YES;
				GCC_WARN_UNINITIALIZED_AUTOS = YES_AGGRESSIVE;
				GCC_WARN_UNUSED_FUNCTION = YES;
				GCC_WARN_UNUSED_VARIABLE = YES;
				IPHONEOS_DEPLOYMENT_TARGET = 16.4;
				LOCALIZATION_PREFERS_STRING_CATALOGS = YES;
				MTL_ENABLE_DEBUG_INFO = NO;
				MTL_FAST_MATH = YES;
				SDKROOT = iphoneos;
				SWIFT_COMPILATION_MODE = wholemodule;
				VALIDATE_PRODUCT = YES;
				WATCHOS_DEPLOYMENT_TARGET = 9.0;
			};
			name = Release;
		};
		893AC2672A3B42AB00D621FE /* Debug */ = {
			isa = XCBuildConfiguration;
			buildSettings = {
				ALWAYS_EMBED_SWIFT_STANDARD_LIBRARIES = YES;
				ASSETCATALOG_COMPILER_APPICON_NAME = AppIcon;
				ASSETCATALOG_COMPILER_GLOBAL_ACCENT_COLOR_NAME = AccentColor;
				CODE_SIGN_ENTITLEMENTS = "TreinRadar-iOS/TreinRadar-iOS.entitlements";
				CODE_SIGN_STYLE = Automatic;
				CURRENT_PROJECT_VERSION = 6;
				DEVELOPMENT_ASSET_PATHS = "\"TreinRadar-iOS/Preview Content\"";
				DEVELOPMENT_TEAM = U3CH3X8GK4;
				ENABLE_PREVIEWS = YES;
				GENERATE_INFOPLIST_FILE = YES;
				INFOPLIST_FILE = "TreinRadar-iOS/Info.plist";
				INFOPLIST_KEY_CFBundleDisplayName = TreinRadar;
				INFOPLIST_KEY_LSApplicationCategoryType = "public.app-category.utilities";
				INFOPLIST_KEY_LSSupportsOpeningDocumentsInPlace = YES;
				INFOPLIST_KEY_NSLocationAlwaysAndWhenInUseUsageDescription = "TreinRadar heeft jouw locatie nodig om treinen en stations dichtbij jou te kunnen bepalen.";
				INFOPLIST_KEY_NSLocationWhenInUseUsageDescription = "TreinRadar heeft jouw locatie nodig om treinen en stations dichtbij jou te kunnen bepalen.";
				INFOPLIST_KEY_UIApplicationSceneManifest_Generation = YES;
				INFOPLIST_KEY_UIApplicationSupportsIndirectInputEvents = YES;
				INFOPLIST_KEY_UILaunchScreen_Generation = YES;
				INFOPLIST_KEY_UISupportedInterfaceOrientations_iPad = "UIInterfaceOrientationPortrait UIInterfaceOrientationPortraitUpsideDown UIInterfaceOrientationLandscapeLeft UIInterfaceOrientationLandscapeRight";
				INFOPLIST_KEY_UISupportedInterfaceOrientations_iPhone = "UIInterfaceOrientationPortrait UIInterfaceOrientationLandscapeLeft UIInterfaceOrientationLandscapeRight";
				IPHONEOS_DEPLOYMENT_TARGET = 16.4;
				LD_RUNPATH_SEARCH_PATHS = (
					"$(inherited)",
					"@executable_path/Frameworks",
				);
				MARKETING_VERSION = 1.2.0;
				PRODUCT_BUNDLE_IDENTIFIER = nl.wissehes.TreinRadar;
				PRODUCT_NAME = "$(TARGET_NAME)";
				SWIFT_EMIT_LOC_STRINGS = YES;
				SWIFT_VERSION = 5.0;
				TARGETED_DEVICE_FAMILY = "1,2";
			};
			name = Debug;
		};
		893AC2682A3B42AB00D621FE /* Release */ = {
			isa = XCBuildConfiguration;
			buildSettings = {
				ALWAYS_EMBED_SWIFT_STANDARD_LIBRARIES = YES;
				ASSETCATALOG_COMPILER_APPICON_NAME = AppIcon;
				ASSETCATALOG_COMPILER_GLOBAL_ACCENT_COLOR_NAME = AccentColor;
				CODE_SIGN_ENTITLEMENTS = "TreinRadar-iOS/TreinRadar-iOS.entitlements";
				CODE_SIGN_STYLE = Automatic;
				CURRENT_PROJECT_VERSION = 6;
				DEVELOPMENT_ASSET_PATHS = "\"TreinRadar-iOS/Preview Content\"";
				DEVELOPMENT_TEAM = U3CH3X8GK4;
				ENABLE_PREVIEWS = YES;
				GENERATE_INFOPLIST_FILE = YES;
				INFOPLIST_FILE = "TreinRadar-iOS/Info.plist";
				INFOPLIST_KEY_CFBundleDisplayName = TreinRadar;
				INFOPLIST_KEY_LSApplicationCategoryType = "public.app-category.utilities";
				INFOPLIST_KEY_LSSupportsOpeningDocumentsInPlace = YES;
				INFOPLIST_KEY_NSLocationAlwaysAndWhenInUseUsageDescription = "TreinRadar heeft jouw locatie nodig om treinen en stations dichtbij jou te kunnen bepalen.";
				INFOPLIST_KEY_NSLocationWhenInUseUsageDescription = "TreinRadar heeft jouw locatie nodig om treinen en stations dichtbij jou te kunnen bepalen.";
				INFOPLIST_KEY_UIApplicationSceneManifest_Generation = YES;
				INFOPLIST_KEY_UIApplicationSupportsIndirectInputEvents = YES;
				INFOPLIST_KEY_UILaunchScreen_Generation = YES;
				INFOPLIST_KEY_UISupportedInterfaceOrientations_iPad = "UIInterfaceOrientationPortrait UIInterfaceOrientationPortraitUpsideDown UIInterfaceOrientationLandscapeLeft UIInterfaceOrientationLandscapeRight";
				INFOPLIST_KEY_UISupportedInterfaceOrientations_iPhone = "UIInterfaceOrientationPortrait UIInterfaceOrientationLandscapeLeft UIInterfaceOrientationLandscapeRight";
				IPHONEOS_DEPLOYMENT_TARGET = 16.4;
				LD_RUNPATH_SEARCH_PATHS = (
					"$(inherited)",
					"@executable_path/Frameworks",
				);
				MARKETING_VERSION = 1.2.0;
				PRODUCT_BUNDLE_IDENTIFIER = nl.wissehes.TreinRadar;
				PRODUCT_NAME = "$(TARGET_NAME)";
				SWIFT_EMIT_LOC_STRINGS = YES;
				SWIFT_VERSION = 5.0;
				TARGETED_DEVICE_FAMILY = "1,2";
			};
			name = Release;
		};
		89EDD7042A7FBDC20035C238 /* Debug */ = {
			isa = XCBuildConfiguration;
			buildSettings = {
				ASSETCATALOG_COMPILER_APPICON_NAME = AppIcon;
				ASSETCATALOG_COMPILER_GLOBAL_ACCENT_COLOR_NAME = AccentColor;
				CODE_SIGN_ENTITLEMENTS = "TreinRadar-watchOS/TreinRadar-watchOS.entitlements";
				CODE_SIGN_STYLE = Automatic;
				CURRENT_PROJECT_VERSION = 5;
				DEVELOPMENT_ASSET_PATHS = "\"TreinRadar-watchOS/Preview Content\"";
				DEVELOPMENT_TEAM = U3CH3X8GK4;
				ENABLE_PREVIEWS = YES;
				GENERATE_INFOPLIST_FILE = YES;
				INFOPLIST_KEY_NSLocationAlwaysAndWhenInUseUsageDescription = "TreinRadar needs access to your location to calculate the nearby trains.";
				INFOPLIST_KEY_NSLocationWhenInUseUsageDescription = "TreinRadar heeft jouw locatie nodig om treinen en stations dichtbij jou te kunnen bepalen.";
				INFOPLIST_KEY_UISupportedInterfaceOrientations = "UIInterfaceOrientationPortrait UIInterfaceOrientationPortraitUpsideDown";
				INFOPLIST_KEY_WKCompanionAppBundleIdentifier = nl.wissehes.TreinRadar;
				INFOPLIST_KEY_WKRunsIndependentlyOfCompanionApp = NO;
				LD_RUNPATH_SEARCH_PATHS = (
					"$(inherited)",
					"@executable_path/Frameworks",
				);
				MARKETING_VERSION = 1.2.0;
				PRODUCT_BUNDLE_IDENTIFIER = nl.wissehes.TreinRadar.watchapp;
				PRODUCT_NAME = TreinRadar;
				SDKROOT = watchos;
				SKIP_INSTALL = YES;
				SWIFT_EMIT_LOC_STRINGS = YES;
				SWIFT_VERSION = 5.0;
				TARGETED_DEVICE_FAMILY = 4;
				WATCHOS_DEPLOYMENT_TARGET = 9.0;
			};
			name = Debug;
		};
		89EDD7052A7FBDC20035C238 /* Release */ = {
			isa = XCBuildConfiguration;
			buildSettings = {
				ASSETCATALOG_COMPILER_APPICON_NAME = AppIcon;
				ASSETCATALOG_COMPILER_GLOBAL_ACCENT_COLOR_NAME = AccentColor;
				CODE_SIGN_ENTITLEMENTS = "TreinRadar-watchOS/TreinRadar-watchOS.entitlements";
				CODE_SIGN_STYLE = Automatic;
				CURRENT_PROJECT_VERSION = 5;
				DEVELOPMENT_ASSET_PATHS = "\"TreinRadar-watchOS/Preview Content\"";
				DEVELOPMENT_TEAM = U3CH3X8GK4;
				ENABLE_PREVIEWS = YES;
				GENERATE_INFOPLIST_FILE = YES;
				INFOPLIST_KEY_NSLocationAlwaysAndWhenInUseUsageDescription = "TreinRadar needs access to your location to calculate the nearby trains.";
				INFOPLIST_KEY_NSLocationWhenInUseUsageDescription = "TreinRadar heeft jouw locatie nodig om treinen en stations dichtbij jou te kunnen bepalen.";
				INFOPLIST_KEY_UISupportedInterfaceOrientations = "UIInterfaceOrientationPortrait UIInterfaceOrientationPortraitUpsideDown";
				INFOPLIST_KEY_WKCompanionAppBundleIdentifier = nl.wissehes.TreinRadar;
				INFOPLIST_KEY_WKRunsIndependentlyOfCompanionApp = NO;
				LD_RUNPATH_SEARCH_PATHS = (
					"$(inherited)",
					"@executable_path/Frameworks",
				);
				MARKETING_VERSION = 1.2.0;
				PRODUCT_BUNDLE_IDENTIFIER = nl.wissehes.TreinRadar.watchapp;
				PRODUCT_NAME = TreinRadar;
				SDKROOT = watchos;
				SKIP_INSTALL = YES;
				SWIFT_EMIT_LOC_STRINGS = YES;
				SWIFT_VERSION = 5.0;
				TARGETED_DEVICE_FAMILY = 4;
				WATCHOS_DEPLOYMENT_TARGET = 9.0;
			};
			name = Release;
		};
/* End XCBuildConfiguration section */

/* Begin XCConfigurationList section */
		893AC2532A3B42AA00D621FE /* Build configuration list for PBXProject "TreinRadar" */ = {
			isa = XCConfigurationList;
			buildConfigurations = (
				893AC2642A3B42AB00D621FE /* Debug */,
				893AC2652A3B42AB00D621FE /* Release */,
			);
			defaultConfigurationIsVisible = 0;
			defaultConfigurationName = Release;
		};
		893AC2662A3B42AB00D621FE /* Build configuration list for PBXNativeTarget "TreinRadar-iOS" */ = {
			isa = XCConfigurationList;
			buildConfigurations = (
				893AC2672A3B42AB00D621FE /* Debug */,
				893AC2682A3B42AB00D621FE /* Release */,
			);
			defaultConfigurationIsVisible = 0;
			defaultConfigurationName = Release;
		};
		89EDD7032A7FBDC20035C238 /* Build configuration list for PBXNativeTarget "TreinRadar-watchOS" */ = {
			isa = XCConfigurationList;
			buildConfigurations = (
				89EDD7042A7FBDC20035C238 /* Debug */,
				89EDD7052A7FBDC20035C238 /* Release */,
			);
			defaultConfigurationIsVisible = 0;
			defaultConfigurationName = Release;
		};
/* End XCConfigurationList section */

/* Begin XCRemoteSwiftPackageReference section */
		893AC26E2A3B436F00D621FE /* XCRemoteSwiftPackageReference "Alamofire" */ = {
			isa = XCRemoteSwiftPackageReference;
			repositoryURL = "https://github.com/Alamofire/Alamofire";
			requirement = {
				kind = upToNextMinorVersion;
				minimumVersion = 5.7.1;
			};
		};
		89A8A7CE2A7FCE210085D127 /* XCRemoteSwiftPackageReference "AsyncLocationKit" */ = {
			isa = XCRemoteSwiftPackageReference;
			repositoryURL = "https://github.com/AsyncSwift/AsyncLocationKit.git";
			requirement = {
				kind = upToNextMajorVersion;
				minimumVersion = 1.6.4;
			};
		};
		89C3DFBD2A893526007732FC /* XCRemoteSwiftPackageReference "SwiftUI-Apple-Watch-Decimal-Pad" */ = {
			isa = XCRemoteSwiftPackageReference;
			repositoryURL = "https://github.com/ApplebaumIan/SwiftUI-Apple-Watch-Decimal-Pad.git";
			requirement = {
				kind = upToNextMajorVersion;
				minimumVersion = 1.0.4;
			};
		};
		89CEFD912A3CFF4000383555 /* XCRemoteSwiftPackageReference "Defaults" */ = {
			isa = XCRemoteSwiftPackageReference;
			repositoryURL = "https://github.com/sindresorhus/Defaults";
			requirement = {
				branch = main;
				kind = branch;
			};
		};
/* End XCRemoteSwiftPackageReference section */

/* Begin XCSwiftPackageProductDependency section */
		893AC26F2A3B436F00D621FE /* Alamofire */ = {
			isa = XCSwiftPackageProductDependency;
			package = 893AC26E2A3B436F00D621FE /* XCRemoteSwiftPackageReference "Alamofire" */;
			productName = Alamofire;
		};
		89A8A7CA2A7FCBE60085D127 /* Alamofire */ = {
			isa = XCSwiftPackageProductDependency;
			package = 893AC26E2A3B436F00D621FE /* XCRemoteSwiftPackageReference "Alamofire" */;
			productName = Alamofire;
		};
		89A8A7CC2A7FCBE60085D127 /* Defaults */ = {
			isa = XCSwiftPackageProductDependency;
			package = 89CEFD912A3CFF4000383555 /* XCRemoteSwiftPackageReference "Defaults" */;
			productName = Defaults;
		};
		89A8A7CF2A7FCE210085D127 /* AsyncLocationKit */ = {
			isa = XCSwiftPackageProductDependency;
			package = 89A8A7CE2A7FCE210085D127 /* XCRemoteSwiftPackageReference "AsyncLocationKit" */;
			productName = AsyncLocationKit;
		};
		89A8A7D12A7FCE2E0085D127 /* AsyncLocationKit */ = {
			isa = XCSwiftPackageProductDependency;
			package = 89A8A7CE2A7FCE210085D127 /* XCRemoteSwiftPackageReference "AsyncLocationKit" */;
			productName = AsyncLocationKit;
		};
		89C3DFBE2A893526007732FC /* SwiftUI Apple Watch Decimal Pad */ = {
			isa = XCSwiftPackageProductDependency;
			package = 89C3DFBD2A893526007732FC /* XCRemoteSwiftPackageReference "SwiftUI-Apple-Watch-Decimal-Pad" */;
			productName = "SwiftUI Apple Watch Decimal Pad";
		};
		89CEFD922A3CFF4000383555 /* Defaults */ = {
			isa = XCSwiftPackageProductDependency;
			package = 89CEFD912A3CFF4000383555 /* XCRemoteSwiftPackageReference "Defaults" */;
			productName = Defaults;
		};
/* End XCSwiftPackageProductDependency section */
	};
	rootObject = 893AC2502A3B42AA00D621FE /* Project object */;
}
